<?xml version="1.0" encoding="utf-8"?>
<Project ToolsVersion="4.0" xmlns="http://schemas.microsoft.com/developer/msbuild/2003">
  <ItemGroup>
    <Filter Include="Source Files">
      <UniqueIdentifier>{c96de716-d06c-4796-ae04-ee3243d8f597}</UniqueIdentifier>
    </Filter>
    <Filter Include="Public Header Files">
      <UniqueIdentifier>{a8c1b0db-23b8-4ab2-88ef-7d20ed1fd57a}</UniqueIdentifier>
    </Filter>
    <Filter Include="Internal Header Files">
      <UniqueIdentifier>{9233838e-ea18-49e6-a035-a3568cb52115}</UniqueIdentifier>
    </Filter>
  </ItemGroup>
  <ItemGroup>
    <ClCompile Include="apr_crypto_openssl.c">
      <Filter>Source Files</Filter>
    </ClCompile>
  </ItemGroup>
  <ItemGroup>
    <ClInclude Include="..\include\apr_crypto.h">
      <Filter>Public Header Files</Filter>
    </ClInclude>
    <ClInclude Include="..\include\private\apu_config.h">
      <Filter>Internal Header Files</Filter>
    </ClInclude>
    <ClInclude Include="..\include\private\apu_internal.h">
      <Filter>Internal Header Files</Filter>
    </ClInclude>
  </ItemGroup>
  <ItemGroup>
    <ResourceCompile Include="..\libaprutil.rc" />
  </ItemGroup>
</Project>