
Microsoft Visual Studio Solution File, Format Version 12.00
# Visual Studio 14
VisualStudioVersion = 14.0.25123.0
MinimumVisualStudioVersion = 10.0.40219.1
Project("{8BC9CEB8-8B4A-11D0-8D11-00A0C91BC942}") = "apr", "..\apr\apr.vcxproj", "{EEC7975F-C292-4158-9101-5F32C1DA9F25}"
EndProject
Project("{8BC9CEB8-8B4A-11D0-8D11-00A0C91BC942}") = "apr_crypto_nss", "crypto\apr_crypto_nss.vcxproj", "{B1915015-1888-49BD-B935-CD3F8A11FB05}"
EndProject
Project("{8BC9CEB8-8B4A-11D0-8D11-00A0C91BC942}") = "apr_crypto_openssl", "crypto\apr_crypto_openssl.vcxproj", "{5E1C3701-1B0D-4D0A-B479-922C023B5D33}"
EndProject
Project("{8BC9CEB8-8B4A-11D0-8D11-00A0C91BC942}") = "apr_dbd_freetds", "dbd\apr_dbd_freetds.vcxproj", "{7EE2665B-B55A-423A-AD4B-4853232BF865}"
EndProject
Project("{8BC9CEB8-8B4A-11D0-8D11-00A0C91BC942}") = "apr_dbd_mysql", "dbd\apr_dbd_mysql.vcxproj", "{6E7DD7CC-C66C-444C-97D1-1904C6C746F6}"
EndProject
Project("{8BC9CEB8-8B4A-11D0-8D11-00A0C91BC942}") = "apr_dbd_odbc", "dbd\apr_dbd_odbc.vcxproj", "{2BAD18AB-0E19-4511-BD30-45890254C586}"
EndProject
Project("{8BC9CEB8-8B4A-11D0-8D11-00A0C91BC942}") = "apr_dbd_oracle", "dbd\apr_dbd_oracle.vcxproj", "{3A57BFEC-0BCB-4965-A00F-6E1F4ED977D0}"
EndProject
Project("{8BC9CEB8-8B4A-11D0-8D11-00A0C91BC942}") = "apr_dbd_pgsql", "dbd\apr_dbd_pgsql.vcxproj", "{C877F48B-3459-419D-8AEA-4F104663E428}"
EndProject
Project("{8BC9CEB8-8B4A-11D0-8D11-00A0C91BC942}") = "apr_dbd_sqlite2", "dbd\apr_dbd_sqlite2.vcxproj", "{0425D967-677A-41C9-87B6-3FBFE09BC042}"
EndProject
Project("{8BC9CEB8-8B4A-11D0-8D11-00A0C91BC942}") = "apr_dbd_sqlite3", "dbd\apr_dbd_sqlite3.vcxproj", "{E4781406-4AD9-479C-8352-38CE2F3BCAEA}"
EndProject
Project("{8BC9CEB8-8B4A-11D0-8D11-00A0C91BC942}") = "apr_dbm_db", "dbm\apr_dbm_db.vcxproj", "{8E1D0E88-9789-4493-8422-B67597D9E062}"
EndProject
Project("{8BC9CEB8-8B4A-11D0-8D11-00A0C91BC942}") = "apr_dbm_gdbm", "dbm\apr_dbm_gdbm.vcxproj", "{F03E05B5-4856-4381-B5B2-BCDEE3005D57}"
EndProject
Project("{8BC9CEB8-8B4A-11D0-8D11-00A0C91BC942}") = "apr_ldap", "ldap\apr_ldap.vcxproj", "{4CDF3A76-A6E4-4AD5-9280-602BF3B9C281}"
EndProject
Project("{8BC9CEB8-8B4A-11D0-8D11-00A0C91BC942}") = "aprapp", "..\apr\build\aprapp.vcxproj", "{D52AF608-17B1-434C-9694-DDC47E9B64E0}"
EndProject
Project("{8BC9CEB8-8B4A-11D0-8D11-00A0C91BC942}") = "apriconv", "..\apr-iconv\apriconv.vcxproj", "{4B0FE448-C973-43E1-91B5-8BEDCFB5287A}"
EndProject
Project("{8BC9CEB8-8B4A-11D0-8D11-00A0C91BC942}") = "aprutil", "aprutil.vcxproj", "{6766F7C5-1744-49C4-9D93-AEF2C60EF993}"
EndProject
Project("{8BC9CEB8-8B4A-11D0-8D11-00A0C91BC942}") = "libapr", "..\apr\libapr.vcxproj", "{475286F4-0465-4A10-9B80-62E42593181E}"
EndProject
Project("{8BC9CEB8-8B4A-11D0-8D11-00A0C91BC942}") = "libaprapp", "..\apr\build\libaprapp.vcxproj", "{69000419-420D-473F-9BAE-6876BA1091A5}"
EndProject
Project("{8BC9CEB8-8B4A-11D0-8D11-00A0C91BC942}") = "libapriconv", "..\apr-iconv\libapriconv.vcxproj", "{B034E075-84C3-45A8-A015-D58197027D8C}"
EndProject
Project("{8BC9CEB8-8B4A-11D0-8D11-00A0C91BC942}") = "libapriconv_ccs_modules", "..\apr-iconv\ccs\libapriconv_ccs_modules.vcxproj", "{E71474FA-E216-43A1-A7F3-CE15519B2C14}"
EndProject
Project("{8BC9CEB8-8B4A-11D0-8D11-00A0C91BC942}") = "libapriconv_ces_modules", "..\apr-iconv\ces\libapriconv_ces_modules.vcxproj", "{504A868F-C1BE-4158-AE58-906A426FDB0C}"
EndProject
Project("{8BC9CEB8-8B4A-11D0-8D11-00A0C91BC942}") = "libaprutil", "libaprutil.vcxproj", "{F08E2702-07AD-4B87-BA43-FF5DD3029DD3}"
EndProject
Project("{8BC9CEB8-8B4A-11D0-8D11-00A0C91BC942}") = "preaprapp", "..\apr\build\preaprapp.vcxproj", "{0F35B0F8-110B-4EBC-B68B-7320D685A86A}"
EndProject
Project("{8BC9CEB8-8B4A-11D0-8D11-00A0C91BC942}") = "preapriconv", "..\apr-iconv\build\preapriconv.vcxproj", "{6DB7916E-8E0B-44C9-949D-C2BB3D17E399}"
EndProject
Project("{8BC9CEB8-8B4A-11D0-8D11-00A0C91BC942}") = "preaprutil", "build\preaprutil.vcxproj", "{E32CBA00-8D4F-497A-9D62-DF7B2E9CC339}"
EndProject
Project("{8BC9CEB8-8B4A-11D0-8D11-00A0C91BC942}") = "prelibaprapp", "..\apr\build\prelibaprapp.vcxproj", "{B7F67EFC-4C87-446F-9700-D06BC0232831}"
EndProject
Project("{8BC9CEB8-8B4A-11D0-8D11-00A0C91BC942}") = "xml", "xml\expat\lib\xml.vcxproj", "{F92C424B-1B87-49E2-8261-981C80F0DC0A}"
EndProject
Global
	GlobalSection(SolutionConfigurationPlatforms) = preSolution
		Debug|x64 = Debug|x64
		Debug|x86 = Debug|x86
		Debug9x|x64 = Debug9x|x64
		Debug9x|x86 = Debug9x|x86
		DebugNT|x64 = DebugNT|x64
		DebugNT|x86 = DebugNT|x86
		Release|x64 = Release|x64
		Release|x86 = Release|x86
		Release9x|x64 = Release9x|x64
		Release9x|x86 = Release9x|x86
		ReleaseNT|x64 = ReleaseNT|x64
		ReleaseNT|x86 = ReleaseNT|x86
		Template|x64 = Template|x64
		Template|x86 = Template|x86
	EndGlobalSection
	GlobalSection(ProjectConfigurationPlatforms) = postSolution
		{EEC7975F-C292-4158-9101-5F32C1DA9F25}.Debug|x64.ActiveCfg = Debug|x64
		{EEC7975F-C292-4158-9101-5F32C1DA9F25}.Debug|x64.Build.0 = Debug|x64
		{EEC7975F-C292-4158-9101-5F32C1DA9F25}.Debug|x86.ActiveCfg = Debug|Win32
		{EEC7975F-C292-4158-9101-5F32C1DA9F25}.Debug|x86.Build.0 = Debug|Win32
		{EEC7975F-C292-4158-9101-5F32C1DA9F25}.Debug9x|x64.ActiveCfg = Debug9x|x64
		{EEC7975F-C292-4158-9101-5F32C1DA9F25}.Debug9x|x64.Build.0 = Debug9x|x64
		{EEC7975F-C292-4158-9101-5F32C1DA9F25}.Debug9x|x86.ActiveCfg = Debug9x|Win32
		{EEC7975F-C292-4158-9101-5F32C1DA9F25}.Debug9x|x86.Build.0 = Debug9x|Win32
		{EEC7975F-C292-4158-9101-5F32C1DA9F25}.DebugNT|x64.ActiveCfg = Debug|x64
		{EEC7975F-C292-4158-9101-5F32C1DA9F25}.DebugNT|x64.Build.0 = Debug|x64
		{EEC7975F-C292-4158-9101-5F32C1DA9F25}.DebugNT|x86.ActiveCfg = Debug|Win32
		{EEC7975F-C292-4158-9101-5F32C1DA9F25}.DebugNT|x86.Build.0 = Debug|Win32
		{EEC7975F-C292-4158-9101-5F32C1DA9F25}.Release|x64.ActiveCfg = Release|x64
		{EEC7975F-C292-4158-9101-5F32C1DA9F25}.Release|x64.Build.0 = Release|x64
		{EEC7975F-C292-4158-9101-5F32C1DA9F25}.Release|x86.ActiveCfg = Release|Win32
		{EEC7975F-C292-4158-9101-5F32C1DA9F25}.Release|x86.Build.0 = Release|Win32
		{EEC7975F-C292-4158-9101-5F32C1DA9F25}.Release9x|x64.ActiveCfg = Release9x|x64
		{EEC7975F-C292-4158-9101-5F32C1DA9F25}.Release9x|x64.Build.0 = Release9x|x64
		{EEC7975F-C292-4158-9101-5F32C1DA9F25}.Release9x|x86.ActiveCfg = Release9x|Win32
		{EEC7975F-C292-4158-9101-5F32C1DA9F25}.Release9x|x86.Build.0 = Release9x|Win32
		{EEC7975F-C292-4158-9101-5F32C1DA9F25}.ReleaseNT|x64.ActiveCfg = Release9x|x64
		{EEC7975F-C292-4158-9101-5F32C1DA9F25}.ReleaseNT|x64.Build.0 = Release9x|x64
		{EEC7975F-C292-4158-9101-5F32C1DA9F25}.ReleaseNT|x86.ActiveCfg = Release9x|Win32
		{EEC7975F-C292-4158-9101-5F32C1DA9F25}.ReleaseNT|x86.Build.0 = Release9x|Win32
		{EEC7975F-C292-4158-9101-5F32C1DA9F25}.Template|x64.ActiveCfg = Release9x|x64
		{EEC7975F-C292-4158-9101-5F32C1DA9F25}.Template|x64.Build.0 = Release9x|x64
		{EEC7975F-C292-4158-9101-5F32C1DA9F25}.Template|x86.ActiveCfg = Release9x|Win32
		{EEC7975F-C292-4158-9101-5F32C1DA9F25}.Template|x86.Build.0 = Release9x|Win32
		{B1915015-1888-49BD-B935-CD3F8A11FB05}.Debug|x64.ActiveCfg = Debug|x64
		{B1915015-1888-49BD-B935-CD3F8A11FB05}.Debug|x64.Build.0 = Debug|x64
		{B1915015-1888-49BD-B935-CD3F8A11FB05}.Debug|x86.ActiveCfg = Debug|Win32
		{B1915015-1888-49BD-B935-CD3F8A11FB05}.Debug|x86.Build.0 = Debug|Win32
		{B1915015-1888-49BD-B935-CD3F8A11FB05}.Debug9x|x64.ActiveCfg = Debug|x64
		{B1915015-1888-49BD-B935-CD3F8A11FB05}.Debug9x|x64.Build.0 = Debug|x64
		{B1915015-1888-49BD-B935-CD3F8A11FB05}.Debug9x|x86.ActiveCfg = Debug|Win32
		{B1915015-1888-49BD-B935-CD3F8A11FB05}.Debug9x|x86.Build.0 = Debug|Win32
		{B1915015-1888-49BD-B935-CD3F8A11FB05}.DebugNT|x64.ActiveCfg = Debug|x64
		{B1915015-1888-49BD-B935-CD3F8A11FB05}.DebugNT|x64.Build.0 = Debug|x64
		{B1915015-1888-49BD-B935-CD3F8A11FB05}.DebugNT|x86.ActiveCfg = Debug|Win32
		{B1915015-1888-49BD-B935-CD3F8A11FB05}.DebugNT|x86.Build.0 = Debug|Win32
		{B1915015-1888-49BD-B935-CD3F8A11FB05}.Release|x64.ActiveCfg = Release|x64
		{B1915015-1888-49BD-B935-CD3F8A11FB05}.Release|x64.Build.0 = Release|x64
		{B1915015-1888-49BD-B935-CD3F8A11FB05}.Release|x86.ActiveCfg = Release|Win32
		{B1915015-1888-49BD-B935-CD3F8A11FB05}.Release|x86.Build.0 = Release|Win32
		{B1915015-1888-49BD-B935-CD3F8A11FB05}.Release9x|x64.ActiveCfg = Release|x64
		{B1915015-1888-49BD-B935-CD3F8A11FB05}.Release9x|x64.Build.0 = Release|x64
		{B1915015-1888-49BD-B935-CD3F8A11FB05}.Release9x|x86.ActiveCfg = Release|Win32
		{B1915015-1888-49BD-B935-CD3F8A11FB05}.Release9x|x86.Build.0 = Release|Win32
		{B1915015-1888-49BD-B935-CD3F8A11FB05}.ReleaseNT|x64.ActiveCfg = Release|x64
		{B1915015-1888-49BD-B935-CD3F8A11FB05}.ReleaseNT|x64.Build.0 = Release|x64
		{B1915015-1888-49BD-B935-CD3F8A11FB05}.ReleaseNT|x86.ActiveCfg = Release|Win32
		{B1915015-1888-49BD-B935-CD3F8A11FB05}.ReleaseNT|x86.Build.0 = Release|Win32
		{B1915015-1888-49BD-B935-CD3F8A11FB05}.Template|x64.ActiveCfg = Template|x64
		{B1915015-1888-49BD-B935-CD3F8A11FB05}.Template|x64.Build.0 = Template|x64
		{B1915015-1888-49BD-B935-CD3F8A11FB05}.Template|x86.ActiveCfg = Template|Win32
		{B1915015-1888-49BD-B935-CD3F8A11FB05}.Template|x86.Build.0 = Template|Win32
		{5E1C3701-1B0D-4D0A-B479-922C023B5D33}.Debug|x64.ActiveCfg = Debug|x64
		{5E1C3701-1B0D-4D0A-B479-922C023B5D33}.Debug|x64.Build.0 = Debug|x64
		{5E1C3701-1B0D-4D0A-B479-922C023B5D33}.Debug|x86.ActiveCfg = Debug|Win32
		{5E1C3701-1B0D-4D0A-B479-922C023B5D33}.Debug|x86.Build.0 = Debug|Win32
		{5E1C3701-1B0D-4D0A-B479-922C023B5D33}.Debug9x|x64.ActiveCfg = Debug|x64
		{5E1C3701-1B0D-4D0A-B479-922C023B5D33}.Debug9x|x64.Build.0 = Debug|x64
		{5E1C3701-1B0D-4D0A-B479-922C023B5D33}.Debug9x|x86.ActiveCfg = Debug|Win32
		{5E1C3701-1B0D-4D0A-B479-922C023B5D33}.Debug9x|x86.Build.0 = Debug|Win32
		{5E1C3701-1B0D-4D0A-B479-922C023B5D33}.DebugNT|x64.ActiveCfg = Debug|x64
		{5E1C3701-1B0D-4D0A-B479-922C023B5D33}.DebugNT|x64.Build.0 = Debug|x64
		{5E1C3701-1B0D-4D0A-B479-922C023B5D33}.DebugNT|x86.ActiveCfg = Debug|Win32
		{5E1C3701-1B0D-4D0A-B479-922C023B5D33}.DebugNT|x86.Build.0 = Debug|Win32
		{5E1C3701-1B0D-4D0A-B479-922C023B5D33}.Release|x64.ActiveCfg = Release|x64
		{5E1C3701-1B0D-4D0A-B479-922C023B5D33}.Release|x64.Build.0 = Release|x64
		{5E1C3701-1B0D-4D0A-B479-922C023B5D33}.Release|x86.ActiveCfg = Release|Win32
		{5E1C3701-1B0D-4D0A-B479-922C023B5D33}.Release|x86.Build.0 = Release|Win32
		{5E1C3701-1B0D-4D0A-B479-922C023B5D33}.Release9x|x64.ActiveCfg = Release|x64
		{5E1C3701-1B0D-4D0A-B479-922C023B5D33}.Release9x|x64.Build.0 = Release|x64
		{5E1C3701-1B0D-4D0A-B479-922C023B5D33}.Release9x|x86.ActiveCfg = Release|Win32
		{5E1C3701-1B0D-4D0A-B479-922C023B5D33}.Release9x|x86.Build.0 = Release|Win32
		{5E1C3701-1B0D-4D0A-B479-922C023B5D33}.ReleaseNT|x64.ActiveCfg = Release|x64
		{5E1C3701-1B0D-4D0A-B479-922C023B5D33}.ReleaseNT|x64.Build.0 = Release|x64
		{5E1C3701-1B0D-4D0A-B479-922C023B5D33}.ReleaseNT|x86.ActiveCfg = Release|Win32
		{5E1C3701-1B0D-4D0A-B479-922C023B5D33}.ReleaseNT|x86.Build.0 = Release|Win32
		{5E1C3701-1B0D-4D0A-B479-922C023B5D33}.Template|x64.ActiveCfg = Template|x64
		{5E1C3701-1B0D-4D0A-B479-922C023B5D33}.Template|x64.Build.0 = Template|x64
		{5E1C3701-1B0D-4D0A-B479-922C023B5D33}.Template|x86.ActiveCfg = Template|Win32
		{5E1C3701-1B0D-4D0A-B479-922C023B5D33}.Template|x86.Build.0 = Template|Win32
		{7EE2665B-B55A-423A-AD4B-4853232BF865}.Debug|x64.ActiveCfg = Debug|x64
		{7EE2665B-B55A-423A-AD4B-4853232BF865}.Debug|x64.Build.0 = Debug|x64
		{7EE2665B-B55A-423A-AD4B-4853232BF865}.Debug|x86.ActiveCfg = Debug|Win32
		{7EE2665B-B55A-423A-AD4B-4853232BF865}.Debug|x86.Build.0 = Debug|Win32
		{7EE2665B-B55A-423A-AD4B-4853232BF865}.Debug9x|x64.ActiveCfg = Debug|x64
		{7EE2665B-B55A-423A-AD4B-4853232BF865}.Debug9x|x64.Build.0 = Debug|x64
		{7EE2665B-B55A-423A-AD4B-4853232BF865}.Debug9x|x86.ActiveCfg = Debug|Win32
		{7EE2665B-B55A-423A-AD4B-4853232BF865}.Debug9x|x86.Build.0 = Debug|Win32
		{7EE2665B-B55A-423A-AD4B-4853232BF865}.DebugNT|x64.ActiveCfg = Debug|x64
		{7EE2665B-B55A-423A-AD4B-4853232BF865}.DebugNT|x64.Build.0 = Debug|x64
		{7EE2665B-B55A-423A-AD4B-4853232BF865}.DebugNT|x86.ActiveCfg = Debug|Win32
		{7EE2665B-B55A-423A-AD4B-4853232BF865}.DebugNT|x86.Build.0 = Debug|Win32
		{7EE2665B-B55A-423A-AD4B-4853232BF865}.Release|x64.ActiveCfg = Release|x64
		{7EE2665B-B55A-423A-AD4B-4853232BF865}.Release|x64.Build.0 = Release|x64
		{7EE2665B-B55A-423A-AD4B-4853232BF865}.Release|x86.ActiveCfg = Release|Win32
		{7EE2665B-B55A-423A-AD4B-4853232BF865}.Release|x86.Build.0 = Release|Win32
		{7EE2665B-B55A-423A-AD4B-4853232BF865}.Release9x|x64.ActiveCfg = Release|x64
		{7EE2665B-B55A-423A-AD4B-4853232BF865}.Release9x|x64.Build.0 = Release|x64
		{7EE2665B-B55A-423A-AD4B-4853232BF865}.Release9x|x86.ActiveCfg = Release|Win32
		{7EE2665B-B55A-423A-AD4B-4853232BF865}.Release9x|x86.Build.0 = Release|Win32
		{7EE2665B-B55A-423A-AD4B-4853232BF865}.ReleaseNT|x64.ActiveCfg = Release|x64
		{7EE2665B-B55A-423A-AD4B-4853232BF865}.ReleaseNT|x64.Build.0 = Release|x64
		{7EE2665B-B55A-423A-AD4B-4853232BF865}.ReleaseNT|x86.ActiveCfg = Release|Win32
		{7EE2665B-B55A-423A-AD4B-4853232BF865}.ReleaseNT|x86.Build.0 = Release|Win32
		{7EE2665B-B55A-423A-AD4B-4853232BF865}.Template|x64.ActiveCfg = Template|x64
		{7EE2665B-B55A-423A-AD4B-4853232BF865}.Template|x64.Build.0 = Template|x64
		{7EE2665B-B55A-423A-AD4B-4853232BF865}.Template|x86.ActiveCfg = Template|Win32
		{7EE2665B-B55A-423A-AD4B-4853232BF865}.Template|x86.Build.0 = Template|Win32
		{6E7DD7CC-C66C-444C-97D1-1904C6C746F6}.Debug|x64.ActiveCfg = Debug|x64
		{6E7DD7CC-C66C-444C-97D1-1904C6C746F6}.Debug|x64.Build.0 = Debug|x64
		{6E7DD7CC-C66C-444C-97D1-1904C6C746F6}.Debug|x86.ActiveCfg = Debug|Win32
		{6E7DD7CC-C66C-444C-97D1-1904C6C746F6}.Debug|x86.Build.0 = Debug|Win32
		{6E7DD7CC-C66C-444C-97D1-1904C6C746F6}.Debug9x|x64.ActiveCfg = Debug|x64
		{6E7DD7CC-C66C-444C-97D1-1904C6C746F6}.Debug9x|x64.Build.0 = Debug|x64
		{6E7DD7CC-C66C-444C-97D1-1904C6C746F6}.Debug9x|x86.ActiveCfg = Debug|Win32
		{6E7DD7CC-C66C-444C-97D1-1904C6C746F6}.Debug9x|x86.Build.0 = Debug|Win32
		{6E7DD7CC-C66C-444C-97D1-1904C6C746F6}.DebugNT|x64.ActiveCfg = Debug|x64
		{6E7DD7CC-C66C-444C-97D1-1904C6C746F6}.DebugNT|x64.Build.0 = Debug|x64
		{6E7DD7CC-C66C-444C-97D1-1904C6C746F6}.DebugNT|x86.ActiveCfg = Debug|Win32
		{6E7DD7CC-C66C-444C-97D1-1904C6C746F6}.DebugNT|x86.Build.0 = Debug|Win32
		{6E7DD7CC-C66C-444C-97D1-1904C6C746F6}.Release|x64.ActiveCfg = Release|x64
		{6E7DD7CC-C66C-444C-97D1-1904C6C746F6}.Release|x64.Build.0 = Release|x64
		{6E7DD7CC-C66C-444C-97D1-1904C6C746F6}.Release|x86.ActiveCfg = Release|Win32
		{6E7DD7CC-C66C-444C-97D1-1904C6C746F6}.Release|x86.Build.0 = Release|Win32
		{6E7DD7CC-C66C-444C-97D1-1904C6C746F6}.Release9x|x64.ActiveCfg = Release|x64
		{6E7DD7CC-C66C-444C-97D1-1904C6C746F6}.Release9x|x64.Build.0 = Release|x64
		{6E7DD7CC-C66C-444C-97D1-1904C6C746F6}.Release9x|x86.ActiveCfg = Release|Win32
		{6E7DD7CC-C66C-444C-97D1-1904C6C746F6}.Release9x|x86.Build.0 = Release|Win32
		{6E7DD7CC-C66C-444C-97D1-1904C6C746F6}.ReleaseNT|x64.ActiveCfg = Release|x64
		{6E7DD7CC-C66C-444C-97D1-1904C6C746F6}.ReleaseNT|x64.Build.0 = Release|x64
		{6E7DD7CC-C66C-444C-97D1-1904C6C746F6}.ReleaseNT|x86.ActiveCfg = Release|Win32
		{6E7DD7CC-C66C-444C-97D1-1904C6C746F6}.ReleaseNT|x86.Build.0 = Release|Win32
		{6E7DD7CC-C66C-444C-97D1-1904C6C746F6}.Template|x64.ActiveCfg = Template|x64
		{6E7DD7CC-C66C-444C-97D1-1904C6C746F6}.Template|x64.Build.0 = Template|x64
		{6E7DD7CC-C66C-444C-97D1-1904C6C746F6}.Template|x86.ActiveCfg = Template|Win32
		{6E7DD7CC-C66C-444C-97D1-1904C6C746F6}.Template|x86.Build.0 = Template|Win32
		{2BAD18AB-0E19-4511-BD30-45890254C586}.Debug|x64.ActiveCfg = Debug|x64
		{2BAD18AB-0E19-4511-BD30-45890254C586}.Debug|x64.Build.0 = Debug|x64
		{2BAD18AB-0E19-4511-BD30-45890254C586}.Debug|x86.ActiveCfg = Debug|Win32
		{2BAD18AB-0E19-4511-BD30-45890254C586}.Debug|x86.Build.0 = Debug|Win32
		{2BAD18AB-0E19-4511-BD30-45890254C586}.Debug9x|x64.ActiveCfg = Debug|x64
		{2BAD18AB-0E19-4511-BD30-45890254C586}.Debug9x|x64.Build.0 = Debug|x64
		{2BAD18AB-0E19-4511-BD30-45890254C586}.Debug9x|x86.ActiveCfg = Debug|Win32
		{2BAD18AB-0E19-4511-BD30-45890254C586}.Debug9x|x86.Build.0 = Debug|Win32
		{2BAD18AB-0E19-4511-BD30-45890254C586}.DebugNT|x64.ActiveCfg = Debug|x64
		{2BAD18AB-0E19-4511-BD30-45890254C586}.DebugNT|x64.Build.0 = Debug|x64
		{2BAD18AB-0E19-4511-BD30-45890254C586}.DebugNT|x86.ActiveCfg = Debug|Win32
		{2BAD18AB-0E19-4511-BD30-45890254C586}.DebugNT|x86.Build.0 = Debug|Win32
		{2BAD18AB-0E19-4511-BD30-45890254C586}.Release|x64.ActiveCfg = Release|x64
		{2BAD18AB-0E19-4511-BD30-45890254C586}.Release|x64.Build.0 = Release|x64
		{2BAD18AB-0E19-4511-BD30-45890254C586}.Release|x86.ActiveCfg = Release|Win32
		{2BAD18AB-0E19-4511-BD30-45890254C586}.Release|x86.Build.0 = Release|Win32
		{2BAD18AB-0E19-4511-BD30-45890254C586}.Release9x|x64.ActiveCfg = Release|x64
		{2BAD18AB-0E19-4511-BD30-45890254C586}.Release9x|x64.Build.0 = Release|x64
		{2BAD18AB-0E19-4511-BD30-45890254C586}.Release9x|x86.ActiveCfg = Release|Win32
		{2BAD18AB-0E19-4511-BD30-45890254C586}.Release9x|x86.Build.0 = Release|Win32
		{2BAD18AB-0E19-4511-BD30-45890254C586}.ReleaseNT|x64.ActiveCfg = Release|x64
		{2BAD18AB-0E19-4511-BD30-45890254C586}.ReleaseNT|x64.Build.0 = Release|x64
		{2BAD18AB-0E19-4511-BD30-45890254C586}.ReleaseNT|x86.ActiveCfg = Release|Win32
		{2BAD18AB-0E19-4511-BD30-45890254C586}.ReleaseNT|x86.Build.0 = Release|Win32
		{2BAD18AB-0E19-4511-BD30-45890254C586}.Template|x64.ActiveCfg = Template|x64
		{2BAD18AB-0E19-4511-BD30-45890254C586}.Template|x64.Build.0 = Template|x64
		{2BAD18AB-0E19-4511-BD30-45890254C586}.Template|x86.ActiveCfg = Template|Win32
		{2BAD18AB-0E19-4511-BD30-45890254C586}.Template|x86.Build.0 = Template|Win32
		{3A57BFEC-0BCB-4965-A00F-6E1F4ED977D0}.Debug|x64.ActiveCfg = Debug|x64
		{3A57BFEC-0BCB-4965-A00F-6E1F4ED977D0}.Debug|x64.Build.0 = Debug|x64
		{3A57BFEC-0BCB-4965-A00F-6E1F4ED977D0}.Debug|x86.ActiveCfg = Debug|Win32
		{3A57BFEC-0BCB-4965-A00F-6E1F4ED977D0}.Debug|x86.Build.0 = Debug|Win32
		{3A57BFEC-0BCB-4965-A00F-6E1F4ED977D0}.Debug9x|x64.ActiveCfg = Debug|x64
		{3A57BFEC-0BCB-4965-A00F-6E1F4ED977D0}.Debug9x|x64.Build.0 = Debug|x64
		{3A57BFEC-0BCB-4965-A00F-6E1F4ED977D0}.Debug9x|x86.ActiveCfg = Debug|Win32
		{3A57BFEC-0BCB-4965-A00F-6E1F4ED977D0}.Debug9x|x86.Build.0 = Debug|Win32
		{3A57BFEC-0BCB-4965-A00F-6E1F4ED977D0}.DebugNT|x64.ActiveCfg = Debug|x64
		{3A57BFEC-0BCB-4965-A00F-6E1F4ED977D0}.DebugNT|x64.Build.0 = Debug|x64
		{3A57BFEC-0BCB-4965-A00F-6E1F4ED977D0}.DebugNT|x86.ActiveCfg = Debug|Win32
		{3A57BFEC-0BCB-4965-A00F-6E1F4ED977D0}.DebugNT|x86.Build.0 = Debug|Win32
		{3A57BFEC-0BCB-4965-A00F-6E1F4ED977D0}.Release|x64.ActiveCfg = Release|x64
		{3A57BFEC-0BCB-4965-A00F-6E1F4ED977D0}.Release|x64.Build.0 = Release|x64
		{3A57BFEC-0BCB-4965-A00F-6E1F4ED977D0}.Release|x86.ActiveCfg = Release|Win32
		{3A57BFEC-0BCB-4965-A00F-6E1F4ED977D0}.Release|x86.Build.0 = Release|Win32
		{3A57BFEC-0BCB-4965-A00F-6E1F4ED977D0}.Release9x|x64.ActiveCfg = Release|x64
		{3A57BFEC-0BCB-4965-A00F-6E1F4ED977D0}.Release9x|x64.Build.0 = Release|x64
		{3A57BFEC-0BCB-4965-A00F-6E1F4ED977D0}.Release9x|x86.ActiveCfg = Release|Win32
		{3A57BFEC-0BCB-4965-A00F-6E1F4ED977D0}.Release9x|x86.Build.0 = Release|Win32
		{3A57BFEC-0BCB-4965-A00F-6E1F4ED977D0}.ReleaseNT|x64.ActiveCfg = Release|x64
		{3A57BFEC-0BCB-4965-A00F-6E1F4ED977D0}.ReleaseNT|x64.Build.0 = Release|x64
		{3A57BFEC-0BCB-4965-A00F-6E1F4ED977D0}.ReleaseNT|x86.ActiveCfg = Release|Win32
		{3A57BFEC-0BCB-4965-A00F-6E1F4ED977D0}.ReleaseNT|x86.Build.0 = Release|Win32
		{3A57BFEC-0BCB-4965-A00F-6E1F4ED977D0}.Template|x64.ActiveCfg = Template|x64
		{3A57BFEC-0BCB-4965-A00F-6E1F4ED977D0}.Template|x64.Build.0 = Template|x64
		{3A57BFEC-0BCB-4965-A00F-6E1F4ED977D0}.Template|x86.ActiveCfg = Template|Win32
		{3A57BFEC-0BCB-4965-A00F-6E1F4ED977D0}.Template|x86.Build.0 = Template|Win32
		{C877F48B-3459-419D-8AEA-4F104663E428}.Debug|x64.ActiveCfg = Debug|x64
		{C877F48B-3459-419D-8AEA-4F104663E428}.Debug|x64.Build.0 = Debug|x64
		{C877F48B-3459-419D-8AEA-4F104663E428}.Debug|x86.ActiveCfg = Debug|Win32
		{C877F48B-3459-419D-8AEA-4F104663E428}.Debug|x86.Build.0 = Debug|Win32
		{C877F48B-3459-419D-8AEA-4F104663E428}.Debug9x|x64.ActiveCfg = Debug|x64
		{C877F48B-3459-419D-8AEA-4F104663E428}.Debug9x|x64.Build.0 = Debug|x64
		{C877F48B-3459-419D-8AEA-4F104663E428}.Debug9x|x86.ActiveCfg = Debug|Win32
		{C877F48B-3459-419D-8AEA-4F104663E428}.Debug9x|x86.Build.0 = Debug|Win32
		{C877F48B-3459-419D-8AEA-4F104663E428}.DebugNT|x64.ActiveCfg = Debug|x64
		{C877F48B-3459-419D-8AEA-4F104663E428}.DebugNT|x64.Build.0 = Debug|x64
		{C877F48B-3459-419D-8AEA-4F104663E428}.DebugNT|x86.ActiveCfg = Debug|Win32
		{C877F48B-3459-419D-8AEA-4F104663E428}.DebugNT|x86.Build.0 = Debug|Win32
		{C877F48B-3459-419D-8AEA-4F104663E428}.Release|x64.ActiveCfg = Release|x64
		{C877F48B-3459-419D-8AEA-4F104663E428}.Release|x64.Build.0 = Release|x64
		{C877F48B-3459-419D-8AEA-4F104663E428}.Release|x86.ActiveCfg = Release|Win32
		{C877F48B-3459-419D-8AEA-4F104663E428}.Release|x86.Build.0 = Release|Win32
		{C877F48B-3459-419D-8AEA-4F104663E428}.Release9x|x64.ActiveCfg = Release|x64
		{C877F48B-3459-419D-8AEA-4F104663E428}.Release9x|x64.Build.0 = Release|x64
		{C877F48B-3459-419D-8AEA-4F104663E428}.Release9x|x86.ActiveCfg = Release|Win32
		{C877F48B-3459-419D-8AEA-4F104663E428}.Release9x|x86.Build.0 = Release|Win32
		{C877F48B-3459-419D-8AEA-4F104663E428}.ReleaseNT|x64.ActiveCfg = Release|x64
		{C877F48B-3459-419D-8AEA-4F104663E428}.ReleaseNT|x64.Build.0 = Release|x64
		{C877F48B-3459-419D-8AEA-4F104663E428}.ReleaseNT|x86.ActiveCfg = Release|Win32
		{C877F48B-3459-419D-8AEA-4F104663E428}.ReleaseNT|x86.Build.0 = Release|Win32
		{C877F48B-3459-419D-8AEA-4F104663E428}.Template|x64.ActiveCfg = Template|x64
		{C877F48B-3459-419D-8AEA-4F104663E428}.Template|x64.Build.0 = Template|x64
		{C877F48B-3459-419D-8AEA-4F104663E428}.Template|x86.ActiveCfg = Template|Win32
		{C877F48B-3459-419D-8AEA-4F104663E428}.Template|x86.Build.0 = Template|Win32
		{0425D967-677A-41C9-87B6-3FBFE09BC042}.Debug|x64.ActiveCfg = Debug|x64
		{0425D967-677A-41C9-87B6-3FBFE09BC042}.Debug|x64.Build.0 = Debug|x64
		{0425D967-677A-41C9-87B6-3FBFE09BC042}.Debug|x86.ActiveCfg = Debug|Win32
		{0425D967-677A-41C9-87B6-3FBFE09BC042}.Debug|x86.Build.0 = Debug|Win32
		{0425D967-677A-41C9-87B6-3FBFE09BC042}.Debug9x|x64.ActiveCfg = Debug|x64
		{0425D967-677A-41C9-87B6-3FBFE09BC042}.Debug9x|x64.Build.0 = Debug|x64
		{0425D967-677A-41C9-87B6-3FBFE09BC042}.Debug9x|x86.ActiveCfg = Debug|Win32
		{0425D967-677A-41C9-87B6-3FBFE09BC042}.Debug9x|x86.Build.0 = Debug|Win32
		{0425D967-677A-41C9-87B6-3FBFE09BC042}.DebugNT|x64.ActiveCfg = Debug|x64
		{0425D967-677A-41C9-87B6-3FBFE09BC042}.DebugNT|x64.Build.0 = Debug|x64
		{0425D967-677A-41C9-87B6-3FBFE09BC042}.DebugNT|x86.ActiveCfg = Debug|Win32
		{0425D967-677A-41C9-87B6-3FBFE09BC042}.DebugNT|x86.Build.0 = Debug|Win32
		{0425D967-677A-41C9-87B6-3FBFE09BC042}.Release|x64.ActiveCfg = Release|x64
		{0425D967-677A-41C9-87B6-3FBFE09BC042}.Release|x64.Build.0 = Release|x64
		{0425D967-677A-41C9-87B6-3FBFE09BC042}.Release|x86.ActiveCfg = Release|Win32
		{0425D967-677A-41C9-87B6-3FBFE09BC042}.Release|x86.Build.0 = Release|Win32
		{0425D967-677A-41C9-87B6-3FBFE09BC042}.Release9x|x64.ActiveCfg = Release|x64
		{0425D967-677A-41C9-87B6-3FBFE09BC042}.Release9x|x64.Build.0 = Release|x64
		{0425D967-677A-41C9-87B6-3FBFE09BC042}.Release9x|x86.ActiveCfg = Release|Win32
		{0425D967-677A-41C9-87B6-3FBFE09BC042}.Release9x|x86.Build.0 = Release|Win32
		{0425D967-677A-41C9-87B6-3FBFE09BC042}.ReleaseNT|x64.ActiveCfg = Release|x64
		{0425D967-677A-41C9-87B6-3FBFE09BC042}.ReleaseNT|x64.Build.0 = Release|x64
		{0425D967-677A-41C9-87B6-3FBFE09BC042}.ReleaseNT|x86.ActiveCfg = Release|Win32
		{0425D967-677A-41C9-87B6-3FBFE09BC042}.ReleaseNT|x86.Build.0 = Release|Win32
		{0425D967-677A-41C9-87B6-3FBFE09BC042}.Template|x64.ActiveCfg = Template|x64
		{0425D967-677A-41C9-87B6-3FBFE09BC042}.Template|x64.Build.0 = Template|x64
		{0425D967-677A-41C9-87B6-3FBFE09BC042}.Template|x86.ActiveCfg = Template|Win32
		{0425D967-677A-41C9-87B6-3FBFE09BC042}.Template|x86.Build.0 = Template|Win32
		{E4781406-4AD9-479C-8352-38CE2F3BCAEA}.Debug|x64.ActiveCfg = Debug|x64
		{E4781406-4AD9-479C-8352-38CE2F3BCAEA}.Debug|x64.Build.0 = Debug|x64
		{E4781406-4AD9-479C-8352-38CE2F3BCAEA}.Debug|x86.ActiveCfg = Debug|Win32
		{E4781406-4AD9-479C-8352-38CE2F3BCAEA}.Debug|x86.Build.0 = Debug|Win32
		{E4781406-4AD9-479C-8352-38CE2F3BCAEA}.Debug9x|x64.ActiveCfg = Debug|x64
		{E4781406-4AD9-479C-8352-38CE2F3BCAEA}.Debug9x|x64.Build.0 = Debug|x64
		{E4781406-4AD9-479C-8352-38CE2F3BCAEA}.Debug9x|x86.ActiveCfg = Debug|Win32
		{E4781406-4AD9-479C-8352-38CE2F3BCAEA}.Debug9x|x86.Build.0 = Debug|Win32
		{E4781406-4AD9-479C-8352-38CE2F3BCAEA}.DebugNT|x64.ActiveCfg = Debug|x64
		{E4781406-4AD9-479C-8352-38CE2F3BCAEA}.DebugNT|x64.Build.0 = Debug|x64
		{E4781406-4AD9-479C-8352-38CE2F3BCAEA}.DebugNT|x86.ActiveCfg = Debug|Win32
		{E4781406-4AD9-479C-8352-38CE2F3BCAEA}.DebugNT|x86.Build.0 = Debug|Win32
		{E4781406-4AD9-479C-8352-38CE2F3BCAEA}.Release|x64.ActiveCfg = Release|x64
		{E4781406-4AD9-479C-8352-38CE2F3BCAEA}.Release|x64.Build.0 = Release|x64
		{E4781406-4AD9-479C-8352-38CE2F3BCAEA}.Release|x86.ActiveCfg = Release|Win32
		{E4781406-4AD9-479C-8352-38CE2F3BCAEA}.Release|x86.Build.0 = Release|Win32
		{E4781406-4AD9-479C-8352-38CE2F3BCAEA}.Release9x|x64.ActiveCfg = Release|x64
		{E4781406-4AD9-479C-8352-38CE2F3BCAEA}.Release9x|x64.Build.0 = Release|x64
		{E4781406-4AD9-479C-8352-38CE2F3BCAEA}.Release9x|x86.ActiveCfg = Release|Win32
		{E4781406-4AD9-479C-8352-38CE2F3BCAEA}.Release9x|x86.Build.0 = Release|Win32
		{E4781406-4AD9-479C-8352-38CE2F3BCAEA}.ReleaseNT|x64.ActiveCfg = Release|x64
		{E4781406-4AD9-479C-8352-38CE2F3BCAEA}.ReleaseNT|x64.Build.0 = Release|x64
		{E4781406-4AD9-479C-8352-38CE2F3BCAEA}.ReleaseNT|x86.ActiveCfg = Release|Win32
		{E4781406-4AD9-479C-8352-38CE2F3BCAEA}.ReleaseNT|x86.Build.0 = Release|Win32
		{E4781406-4AD9-479C-8352-38CE2F3BCAEA}.Template|x64.ActiveCfg = Template|x64
		{E4781406-4AD9-479C-8352-38CE2F3BCAEA}.Template|x64.Build.0 = Template|x64
		{E4781406-4AD9-479C-8352-38CE2F3BCAEA}.Template|x86.ActiveCfg = Template|Win32
		{E4781406-4AD9-479C-8352-38CE2F3BCAEA}.Template|x86.Build.0 = Template|Win32
		{8E1D0E88-9789-4493-8422-B67597D9E062}.Debug|x64.ActiveCfg = Debug|x64
		{8E1D0E88-9789-4493-8422-B67597D9E062}.Debug|x64.Build.0 = Debug|x64
		{8E1D0E88-9789-4493-8422-B67597D9E062}.Debug|x86.ActiveCfg = Debug|Win32
		{8E1D0E88-9789-4493-8422-B67597D9E062}.Debug|x86.Build.0 = Debug|Win32
		{8E1D0E88-9789-4493-8422-B67597D9E062}.Debug9x|x64.ActiveCfg = Debug|x64
		{8E1D0E88-9789-4493-8422-B67597D9E062}.Debug9x|x64.Build.0 = Debug|x64
		{8E1D0E88-9789-4493-8422-B67597D9E062}.Debug9x|x86.ActiveCfg = Debug|Win32
		{8E1D0E88-9789-4493-8422-B67597D9E062}.Debug9x|x86.Build.0 = Debug|Win32
		{8E1D0E88-9789-4493-8422-B67597D9E062}.DebugNT|x64.ActiveCfg = Debug|x64
		{8E1D0E88-9789-4493-8422-B67597D9E062}.DebugNT|x64.Build.0 = Debug|x64
		{8E1D0E88-9789-4493-8422-B67597D9E062}.DebugNT|x86.ActiveCfg = Debug|Win32
		{8E1D0E88-9789-4493-8422-B67597D9E062}.DebugNT|x86.Build.0 = Debug|Win32
		{8E1D0E88-9789-4493-8422-B67597D9E062}.Release|x64.ActiveCfg = Release|x64
		{8E1D0E88-9789-4493-8422-B67597D9E062}.Release|x64.Build.0 = Release|x64
		{8E1D0E88-9789-4493-8422-B67597D9E062}.Release|x86.ActiveCfg = Release|Win32
		{8E1D0E88-9789-4493-8422-B67597D9E062}.Release|x86.Build.0 = Release|Win32
		{8E1D0E88-9789-4493-8422-B67597D9E062}.Release9x|x64.ActiveCfg = Release|x64
		{8E1D0E88-9789-4493-8422-B67597D9E062}.Release9x|x64.Build.0 = Release|x64
		{8E1D0E88-9789-4493-8422-B67597D9E062}.Release9x|x86.ActiveCfg = Release|Win32
		{8E1D0E88-9789-4493-8422-B67597D9E062}.Release9x|x86.Build.0 = Release|Win32
		{8E1D0E88-9789-4493-8422-B67597D9E062}.ReleaseNT|x64.ActiveCfg = Release|x64
		{8E1D0E88-9789-4493-8422-B67597D9E062}.ReleaseNT|x64.Build.0 = Release|x64
		{8E1D0E88-9789-4493-8422-B67597D9E062}.ReleaseNT|x86.ActiveCfg = Release|Win32
		{8E1D0E88-9789-4493-8422-B67597D9E062}.ReleaseNT|x86.Build.0 = Release|Win32
		{8E1D0E88-9789-4493-8422-B67597D9E062}.Template|x64.ActiveCfg = Template|x64
		{8E1D0E88-9789-4493-8422-B67597D9E062}.Template|x64.Build.0 = Template|x64
		{8E1D0E88-9789-4493-8422-B67597D9E062}.Template|x86.ActiveCfg = Template|Win32
		{8E1D0E88-9789-4493-8422-B67597D9E062}.Template|x86.Build.0 = Template|Win32
		{F03E05B5-4856-4381-B5B2-BCDEE3005D57}.Debug|x64.ActiveCfg = Debug|x64
		{F03E05B5-4856-4381-B5B2-BCDEE3005D57}.Debug|x64.Build.0 = Debug|x64
		{F03E05B5-4856-4381-B5B2-BCDEE3005D57}.Debug|x86.ActiveCfg = Debug|Win32
		{F03E05B5-4856-4381-B5B2-BCDEE3005D57}.Debug|x86.Build.0 = Debug|Win32
		{F03E05B5-4856-4381-B5B2-BCDEE3005D57}.Debug9x|x64.ActiveCfg = Debug|x64
		{F03E05B5-4856-4381-B5B2-BCDEE3005D57}.Debug9x|x64.Build.0 = Debug|x64
		{F03E05B5-4856-4381-B5B2-BCDEE3005D57}.Debug9x|x86.ActiveCfg = Debug|Win32
		{F03E05B5-4856-4381-B5B2-BCDEE3005D57}.Debug9x|x86.Build.0 = Debug|Win32
		{F03E05B5-4856-4381-B5B2-BCDEE3005D57}.DebugNT|x64.ActiveCfg = Debug|x64
		{F03E05B5-4856-4381-B5B2-BCDEE3005D57}.DebugNT|x64.Build.0 = Debug|x64
		{F03E05B5-4856-4381-B5B2-BCDEE3005D57}.DebugNT|x86.ActiveCfg = Debug|Win32
		{F03E05B5-4856-4381-B5B2-BCDEE3005D57}.DebugNT|x86.Build.0 = Debug|Win32
		{F03E05B5-4856-4381-B5B2-BCDEE3005D57}.Release|x64.ActiveCfg = Release|x64
		{F03E05B5-4856-4381-B5B2-BCDEE3005D57}.Release|x64.Build.0 = Release|x64
		{F03E05B5-4856-4381-B5B2-BCDEE3005D57}.Release|x86.ActiveCfg = Release|Win32
		{F03E05B5-4856-4381-B5B2-BCDEE3005D57}.Release|x86.Build.0 = Release|Win32
		{F03E05B5-4856-4381-B5B2-BCDEE3005D57}.Release9x|x64.ActiveCfg = Release|x64
		{F03E05B5-4856-4381-B5B2-BCDEE3005D57}.Release9x|x64.Build.0 = Release|x64
		{F03E05B5-4856-4381-B5B2-BCDEE3005D57}.Release9x|x86.ActiveCfg = Release|Win32
		{F03E05B5-4856-4381-B5B2-BCDEE3005D57}.Release9x|x86.Build.0 = Release|Win32
		{F03E05B5-4856-4381-B5B2-BCDEE3005D57}.ReleaseNT|x64.ActiveCfg = Release|x64
		{F03E05B5-4856-4381-B5B2-BCDEE3005D57}.ReleaseNT|x64.Build.0 = Release|x64
		{F03E05B5-4856-4381-B5B2-BCDEE3005D57}.ReleaseNT|x86.ActiveCfg = Release|Win32
		{F03E05B5-4856-4381-B5B2-BCDEE3005D57}.ReleaseNT|x86.Build.0 = Release|Win32
		{F03E05B5-4856-4381-B5B2-BCDEE3005D57}.Template|x64.ActiveCfg = Template|x64
		{F03E05B5-4856-4381-B5B2-BCDEE3005D57}.Template|x64.Build.0 = Template|x64
		{F03E05B5-4856-4381-B5B2-BCDEE3005D57}.Template|x86.ActiveCfg = Template|Win32
		{F03E05B5-4856-4381-B5B2-BCDEE3005D57}.Template|x86.Build.0 = Template|Win32
		{4CDF3A76-A6E4-4AD5-9280-602BF3B9C281}.Debug|x64.ActiveCfg = Debug|x64
		{4CDF3A76-A6E4-4AD5-9280-602BF3B9C281}.Debug|x64.Build.0 = Debug|x64
		{4CDF3A76-A6E4-4AD5-9280-602BF3B9C281}.Debug|x86.ActiveCfg = Debug|Win32
		{4CDF3A76-A6E4-4AD5-9280-602BF3B9C281}.Debug|x86.Build.0 = Debug|Win32
		{4CDF3A76-A6E4-4AD5-9280-602BF3B9C281}.Debug9x|x64.ActiveCfg = Debug|x64
		{4CDF3A76-A6E4-4AD5-9280-602BF3B9C281}.Debug9x|x64.Build.0 = Debug|x64
		{4CDF3A76-A6E4-4AD5-9280-602BF3B9C281}.Debug9x|x86.ActiveCfg = Debug|Win32
		{4CDF3A76-A6E4-4AD5-9280-602BF3B9C281}.Debug9x|x86.Build.0 = Debug|Win32
		{4CDF3A76-A6E4-4AD5-9280-602BF3B9C281}.DebugNT|x64.ActiveCfg = Debug|x64
		{4CDF3A76-A6E4-4AD5-9280-602BF3B9C281}.DebugNT|x64.Build.0 = Debug|x64
		{4CDF3A76-A6E4-4AD5-9280-602BF3B9C281}.DebugNT|x86.ActiveCfg = Debug|Win32
		{4CDF3A76-A6E4-4AD5-9280-602BF3B9C281}.DebugNT|x86.Build.0 = Debug|Win32
		{4CDF3A76-A6E4-4AD5-9280-602BF3B9C281}.Release|x64.ActiveCfg = Release|x64
		{4CDF3A76-A6E4-4AD5-9280-602BF3B9C281}.Release|x64.Build.0 = Release|x64
		{4CDF3A76-A6E4-4AD5-9280-602BF3B9C281}.Release|x86.ActiveCfg = Release|Win32
		{4CDF3A76-A6E4-4AD5-9280-602BF3B9C281}.Release|x86.Build.0 = Release|Win32
		{4CDF3A76-A6E4-4AD5-9280-602BF3B9C281}.Release9x|x64.ActiveCfg = Release|x64
		{4CDF3A76-A6E4-4AD5-9280-602BF3B9C281}.Release9x|x64.Build.0 = Release|x64
		{4CDF3A76-A6E4-4AD5-9280-602BF3B9C281}.Release9x|x86.ActiveCfg = Release|Win32
		{4CDF3A76-A6E4-4AD5-9280-602BF3B9C281}.Release9x|x86.Build.0 = Release|Win32
		{4CDF3A76-A6E4-4AD5-9280-602BF3B9C281}.ReleaseNT|x64.ActiveCfg = Release|x64
		{4CDF3A76-A6E4-4AD5-9280-602BF3B9C281}.ReleaseNT|x64.Build.0 = Release|x64
		{4CDF3A76-A6E4-4AD5-9280-602BF3B9C281}.ReleaseNT|x86.ActiveCfg = Release|Win32
		{4CDF3A76-A6E4-4AD5-9280-602BF3B9C281}.ReleaseNT|x86.Build.0 = Release|Win32
		{4CDF3A76-A6E4-4AD5-9280-602BF3B9C281}.Template|x64.ActiveCfg = Template|x64
		{4CDF3A76-A6E4-4AD5-9280-602BF3B9C281}.Template|x64.Build.0 = Template|x64
		{4CDF3A76-A6E4-4AD5-9280-602BF3B9C281}.Template|x86.ActiveCfg = Template|Win32
		{4CDF3A76-A6E4-4AD5-9280-602BF3B9C281}.Template|x86.Build.0 = Template|Win32
		{D52AF608-17B1-434C-9694-DDC47E9B64E0}.Debug|x64.ActiveCfg = Debug|x64
		{D52AF608-17B1-434C-9694-DDC47E9B64E0}.Debug|x64.Build.0 = Debug|x64
		{D52AF608-17B1-434C-9694-DDC47E9B64E0}.Debug|x86.ActiveCfg = Debug|Win32
		{D52AF608-17B1-434C-9694-DDC47E9B64E0}.Debug|x86.Build.0 = Debug|Win32
		{D52AF608-17B1-434C-9694-DDC47E9B64E0}.Debug9x|x64.ActiveCfg = Debug9x|x64
		{D52AF608-17B1-434C-9694-DDC47E9B64E0}.Debug9x|x64.Build.0 = Debug9x|x64
		{D52AF608-17B1-434C-9694-DDC47E9B64E0}.Debug9x|x86.ActiveCfg = Debug9x|Win32
		{D52AF608-17B1-434C-9694-DDC47E9B64E0}.Debug9x|x86.Build.0 = Debug9x|Win32
		{D52AF608-17B1-434C-9694-DDC47E9B64E0}.DebugNT|x64.ActiveCfg = Debug|x64
		{D52AF608-17B1-434C-9694-DDC47E9B64E0}.DebugNT|x64.Build.0 = Debug|x64
		{D52AF608-17B1-434C-9694-DDC47E9B64E0}.DebugNT|x86.ActiveCfg = Debug|Win32
		{D52AF608-17B1-434C-9694-DDC47E9B64E0}.DebugNT|x86.Build.0 = Debug|Win32
		{D52AF608-17B1-434C-9694-DDC47E9B64E0}.Release|x64.ActiveCfg = Release|x64
		{D52AF608-17B1-434C-9694-DDC47E9B64E0}.Release|x64.Build.0 = Release|x64
		{D52AF608-17B1-434C-9694-DDC47E9B64E0}.Release|x86.ActiveCfg = Release|Win32
		{D52AF608-17B1-434C-9694-DDC47E9B64E0}.Release|x86.Build.0 = Release|Win32
		{D52AF608-17B1-434C-9694-DDC47E9B64E0}.Release9x|x64.ActiveCfg = Release9x|x64
		{D52AF608-17B1-434C-9694-DDC47E9B64E0}.Release9x|x64.Build.0 = Release9x|x64
		{D52AF608-17B1-434C-9694-DDC47E9B64E0}.Release9x|x86.ActiveCfg = Release9x|Win32
		{D52AF608-17B1-434C-9694-DDC47E9B64E0}.Release9x|x86.Build.0 = Release9x|Win32
		{D52AF608-17B1-434C-9694-DDC47E9B64E0}.ReleaseNT|x64.ActiveCfg = Release9x|x64
		{D52AF608-17B1-434C-9694-DDC47E9B64E0}.ReleaseNT|x64.Build.0 = Release9x|x64
		{D52AF608-17B1-434C-9694-DDC47E9B64E0}.ReleaseNT|x86.ActiveCfg = Release9x|Win32
		{D52AF608-17B1-434C-9694-DDC47E9B64E0}.ReleaseNT|x86.Build.0 = Release9x|Win32
		{D52AF608-17B1-434C-9694-DDC47E9B64E0}.Template|x64.ActiveCfg = Template|x64
		{D52AF608-17B1-434C-9694-DDC47E9B64E0}.Template|x64.Build.0 = Template|x64
		{D52AF608-17B1-434C-9694-DDC47E9B64E0}.Template|x86.ActiveCfg = Template|Win32
		{D52AF608-17B1-434C-9694-DDC47E9B64E0}.Template|x86.Build.0 = Template|Win32
		{4B0FE448-C973-43E1-91B5-8BEDCFB5287A}.Debug|x64.ActiveCfg = Debug|x64
		{4B0FE448-C973-43E1-91B5-8BEDCFB5287A}.Debug|x64.Build.0 = Debug|x64
		{4B0FE448-C973-43E1-91B5-8BEDCFB5287A}.Debug|x86.ActiveCfg = Debug|Win32
		{4B0FE448-C973-43E1-91B5-8BEDCFB5287A}.Debug|x86.Build.0 = Debug|Win32
		{4B0FE448-C973-43E1-91B5-8BEDCFB5287A}.Debug9x|x64.ActiveCfg = Debug|x64
		{4B0FE448-C973-43E1-91B5-8BEDCFB5287A}.Debug9x|x64.Build.0 = Debug|x64
		{4B0FE448-C973-43E1-91B5-8BEDCFB5287A}.Debug9x|x86.ActiveCfg = Debug|Win32
		{4B0FE448-C973-43E1-91B5-8BEDCFB5287A}.Debug9x|x86.Build.0 = Debug|Win32
		{4B0FE448-C973-43E1-91B5-8BEDCFB5287A}.DebugNT|x64.ActiveCfg = Debug|x64
		{4B0FE448-C973-43E1-91B5-8BEDCFB5287A}.DebugNT|x64.Build.0 = Debug|x64
		{4B0FE448-C973-43E1-91B5-8BEDCFB5287A}.DebugNT|x86.ActiveCfg = Debug|Win32
		{4B0FE448-C973-43E1-91B5-8BEDCFB5287A}.DebugNT|x86.Build.0 = Debug|Win32
		{4B0FE448-C973-43E1-91B5-8BEDCFB5287A}.Release|x64.ActiveCfg = Release|x64
		{4B0FE448-C973-43E1-91B5-8BEDCFB5287A}.Release|x64.Build.0 = Release|x64
		{4B0FE448-C973-43E1-91B5-8BEDCFB5287A}.Release|x86.ActiveCfg = Release|Win32
		{4B0FE448-C973-43E1-91B5-8BEDCFB5287A}.Release|x86.Build.0 = Release|Win32
		{4B0FE448-C973-43E1-91B5-8BEDCFB5287A}.Release9x|x64.ActiveCfg = Release|x64
		{4B0FE448-C973-43E1-91B5-8BEDCFB5287A}.Release9x|x64.Build.0 = Release|x64
		{4B0FE448-C973-43E1-91B5-8BEDCFB5287A}.Release9x|x86.ActiveCfg = Release|Win32
		{4B0FE448-C973-43E1-91B5-8BEDCFB5287A}.Release9x|x86.Build.0 = Release|Win32
		{4B0FE448-C973-43E1-91B5-8BEDCFB5287A}.ReleaseNT|x64.ActiveCfg = Release|x64
		{4B0FE448-C973-43E1-91B5-8BEDCFB5287A}.ReleaseNT|x64.Build.0 = Release|x64
		{4B0FE448-C973-43E1-91B5-8BEDCFB5287A}.ReleaseNT|x86.ActiveCfg = Release|Win32
		{4B0FE448-C973-43E1-91B5-8BEDCFB5287A}.ReleaseNT|x86.Build.0 = Release|Win32
		{4B0FE448-C973-43E1-91B5-8BEDCFB5287A}.Template|x64.ActiveCfg = Template|x64
		{4B0FE448-C973-43E1-91B5-8BEDCFB5287A}.Template|x64.Build.0 = Template|x64
		{4B0FE448-C973-43E1-91B5-8BEDCFB5287A}.Template|x86.ActiveCfg = Template|Win32
		{4B0FE448-C973-43E1-91B5-8BEDCFB5287A}.Template|x86.Build.0 = Template|Win32
		{6766F7C5-1744-49C4-9D93-AEF2C60EF993}.Debug|x64.ActiveCfg = Debug|x64
		{6766F7C5-1744-49C4-9D93-AEF2C60EF993}.Debug|x64.Build.0 = Debug|x64
		{6766F7C5-1744-49C4-9D93-AEF2C60EF993}.Debug|x86.ActiveCfg = Debug|Win32
		{6766F7C5-1744-49C4-9D93-AEF2C60EF993}.Debug|x86.Build.0 = Debug|Win32
		{6766F7C5-1744-49C4-9D93-AEF2C60EF993}.Debug9x|x64.ActiveCfg = Debug|x64
		{6766F7C5-1744-49C4-9D93-AEF2C60EF993}.Debug9x|x64.Build.0 = Debug|x64
		{6766F7C5-1744-49C4-9D93-AEF2C60EF993}.Debug9x|x86.ActiveCfg = Debug|Win32
		{6766F7C5-1744-49C4-9D93-AEF2C60EF993}.Debug9x|x86.Build.0 = Debug|Win32
		{6766F7C5-1744-49C4-9D93-AEF2C60EF993}.DebugNT|x64.ActiveCfg = Debug|x64
		{6766F7C5-1744-49C4-9D93-AEF2C60EF993}.DebugNT|x64.Build.0 = Debug|x64
		{6766F7C5-1744-49C4-9D93-AEF2C60EF993}.DebugNT|x86.ActiveCfg = Debug|Win32
		{6766F7C5-1744-49C4-9D93-AEF2C60EF993}.DebugNT|x86.Build.0 = Debug|Win32
		{6766F7C5-1744-49C4-9D93-AEF2C60EF993}.Release|x64.ActiveCfg = Release|x64
		{6766F7C5-1744-49C4-9D93-AEF2C60EF993}.Release|x64.Build.0 = Release|x64
		{6766F7C5-1744-49C4-9D93-AEF2C60EF993}.Release|x86.ActiveCfg = Release|Win32
		{6766F7C5-1744-49C4-9D93-AEF2C60EF993}.Release|x86.Build.0 = Release|Win32
		{6766F7C5-1744-49C4-9D93-AEF2C60EF993}.Release9x|x64.ActiveCfg = Release|x64
		{6766F7C5-1744-49C4-9D93-AEF2C60EF993}.Release9x|x64.Build.0 = Release|x64
		{6766F7C5-1744-49C4-9D93-AEF2C60EF993}.Release9x|x86.ActiveCfg = Release|Win32
		{6766F7C5-1744-49C4-9D93-AEF2C60EF993}.Release9x|x86.Build.0 = Release|Win32
		{6766F7C5-1744-49C4-9D93-AEF2C60EF993}.ReleaseNT|x64.ActiveCfg = Release|x64
		{6766F7C5-1744-49C4-9D93-AEF2C60EF993}.ReleaseNT|x64.Build.0 = Release|x64
		{6766F7C5-1744-49C4-9D93-AEF2C60EF993}.ReleaseNT|x86.ActiveCfg = Release|Win32
		{6766F7C5-1744-49C4-9D93-AEF2C60EF993}.ReleaseNT|x86.Build.0 = Release|Win32
		{6766F7C5-1744-49C4-9D93-AEF2C60EF993}.Template|x64.ActiveCfg = Template|x64
		{6766F7C5-1744-49C4-9D93-AEF2C60EF993}.Template|x64.Build.0 = Template|x64
		{6766F7C5-1744-49C4-9D93-AEF2C60EF993}.Template|x86.ActiveCfg = Template|Win32
		{6766F7C5-1744-49C4-9D93-AEF2C60EF993}.Template|x86.Build.0 = Template|Win32
		{475286F4-0465-4A10-9B80-62E42593181E}.Debug|x64.ActiveCfg = Debug|x64
		{475286F4-0465-4A10-9B80-62E42593181E}.Debug|x64.Build.0 = Debug|x64
		{475286F4-0465-4A10-9B80-62E42593181E}.Debug|x86.ActiveCfg = Debug|Win32
		{475286F4-0465-4A10-9B80-62E42593181E}.Debug|x86.Build.0 = Debug|Win32
		{475286F4-0465-4A10-9B80-62E42593181E}.Debug9x|x64.ActiveCfg = Debug9x|x64
		{475286F4-0465-4A10-9B80-62E42593181E}.Debug9x|x64.Build.0 = Debug9x|x64
		{475286F4-0465-4A10-9B80-62E42593181E}.Debug9x|x86.ActiveCfg = Debug9x|Win32
		{475286F4-0465-4A10-9B80-62E42593181E}.Debug9x|x86.Build.0 = Debug9x|Win32
		{475286F4-0465-4A10-9B80-62E42593181E}.DebugNT|x64.ActiveCfg = Debug|x64
		{475286F4-0465-4A10-9B80-62E42593181E}.DebugNT|x64.Build.0 = Debug|x64
		{475286F4-0465-4A10-9B80-62E42593181E}.DebugNT|x86.ActiveCfg = Debug|Win32
		{475286F4-0465-4A10-9B80-62E42593181E}.DebugNT|x86.Build.0 = Debug|Win32
		{475286F4-0465-4A10-9B80-62E42593181E}.Release|x64.ActiveCfg = Release|x64
		{475286F4-0465-4A10-9B80-62E42593181E}.Release|x64.Build.0 = Release|x64
		{475286F4-0465-4A10-9B80-62E42593181E}.Release|x86.ActiveCfg = Release|Win32
		{475286F4-0465-4A10-9B80-62E42593181E}.Release|x86.Build.0 = Release|Win32
		{475286F4-0465-4A10-9B80-62E42593181E}.Release9x|x64.ActiveCfg = Release9x|x64
		{475286F4-0465-4A10-9B80-62E42593181E}.Release9x|x64.Build.0 = Release9x|x64
		{475286F4-0465-4A10-9B80-62E42593181E}.Release9x|x86.ActiveCfg = Release9x|Win32
		{475286F4-0465-4A10-9B80-62E42593181E}.Release9x|x86.Build.0 = Release9x|Win32
		{475286F4-0465-4A10-9B80-62E42593181E}.ReleaseNT|x64.ActiveCfg = Release9x|x64
		{475286F4-0465-4A10-9B80-62E42593181E}.ReleaseNT|x64.Build.0 = Release9x|x64
		{475286F4-0465-4A10-9B80-62E42593181E}.ReleaseNT|x86.ActiveCfg = Release9x|Win32
		{475286F4-0465-4A10-9B80-62E42593181E}.ReleaseNT|x86.Build.0 = Release9x|Win32
		{475286F4-0465-4A10-9B80-62E42593181E}.Template|x64.ActiveCfg = Template|x64
		{475286F4-0465-4A10-9B80-62E42593181E}.Template|x64.Build.0 = Template|x64
		{475286F4-0465-4A10-9B80-62E42593181E}.Template|x86.ActiveCfg = Template|Win32
		{475286F4-0465-4A10-9B80-62E42593181E}.Template|x86.Build.0 = Template|Win32
		{69000419-420D-473F-9BAE-6876BA1091A5}.Debug|x64.ActiveCfg = Debug|x64
		{69000419-420D-473F-9BAE-6876BA1091A5}.Debug|x64.Build.0 = Debug|x64
		{69000419-420D-473F-9BAE-6876BA1091A5}.Debug|x86.ActiveCfg = Debug|Win32
		{69000419-420D-473F-9BAE-6876BA1091A5}.Debug|x86.Build.0 = Debug|Win32
		{69000419-420D-473F-9BAE-6876BA1091A5}.Debug9x|x64.ActiveCfg = Debug9x|x64
		{69000419-420D-473F-9BAE-6876BA1091A5}.Debug9x|x64.Build.0 = Debug9x|x64
		{69000419-420D-473F-9BAE-6876BA1091A5}.Debug9x|x86.ActiveCfg = Debug9x|Win32
		{69000419-420D-473F-9BAE-6876BA1091A5}.Debug9x|x86.Build.0 = Debug9x|Win32
		{69000419-420D-473F-9BAE-6876BA1091A5}.DebugNT|x64.ActiveCfg = Debug|x64
		{69000419-420D-473F-9BAE-6876BA1091A5}.DebugNT|x64.Build.0 = Debug|x64
		{69000419-420D-473F-9BAE-6876BA1091A5}.DebugNT|x86.ActiveCfg = Debug|Win32
		{69000419-420D-473F-9BAE-6876BA1091A5}.DebugNT|x86.Build.0 = Debug|Win32
		{69000419-420D-473F-9BAE-6876BA1091A5}.Release|x64.ActiveCfg = Release|x64
		{69000419-420D-473F-9BAE-6876BA1091A5}.Release|x64.Build.0 = Release|x64
		{69000419-420D-473F-9BAE-6876BA1091A5}.Release|x86.ActiveCfg = Release|Win32
		{69000419-420D-473F-9BAE-6876BA1091A5}.Release|x86.Build.0 = Release|Win32
		{69000419-420D-473F-9BAE-6876BA1091A5}.Release9x|x64.ActiveCfg = Release9x|x64
		{69000419-420D-473F-9BAE-6876BA1091A5}.Release9x|x64.Build.0 = Release9x|x64
		{69000419-420D-473F-9BAE-6876BA1091A5}.Release9x|x86.ActiveCfg = Release9x|Win32
		{69000419-420D-473F-9BAE-6876BA1091A5}.Release9x|x86.Build.0 = Release9x|Win32
		{69000419-420D-473F-9BAE-6876BA1091A5}.ReleaseNT|x64.ActiveCfg = Release9x|x64
		{69000419-420D-473F-9BAE-6876BA1091A5}.ReleaseNT|x64.Build.0 = Release9x|x64
		{69000419-420D-473F-9BAE-6876BA1091A5}.ReleaseNT|x86.ActiveCfg = Release9x|Win32
		{69000419-420D-473F-9BAE-6876BA1091A5}.ReleaseNT|x86.Build.0 = Release9x|Win32
		{69000419-420D-473F-9BAE-6876BA1091A5}.Template|x64.ActiveCfg = Template|x64
		{69000419-420D-473F-9BAE-6876BA1091A5}.Template|x64.Build.0 = Template|x64
		{69000419-420D-473F-9BAE-6876BA1091A5}.Template|x86.ActiveCfg = Template|Win32
		{69000419-420D-473F-9BAE-6876BA1091A5}.Template|x86.Build.0 = Template|Win32
		{B034E075-84C3-45A8-A015-D58197027D8C}.Debug|x64.ActiveCfg = Debug|x64
		{B034E075-84C3-45A8-A015-D58197027D8C}.Debug|x64.Build.0 = Debug|x64
		{B034E075-84C3-45A8-A015-D58197027D8C}.Debug|x86.ActiveCfg = Debug|Win32
		{B034E075-84C3-45A8-A015-D58197027D8C}.Debug|x86.Build.0 = Debug|Win32
		{B034E075-84C3-45A8-A015-D58197027D8C}.Debug9x|x64.ActiveCfg = Debug|x64
		{B034E075-84C3-45A8-A015-D58197027D8C}.Debug9x|x64.Build.0 = Debug|x64
		{B034E075-84C3-45A8-A015-D58197027D8C}.Debug9x|x86.ActiveCfg = Debug|Win32
		{B034E075-84C3-45A8-A015-D58197027D8C}.Debug9x|x86.Build.0 = Debug|Win32
		{B034E075-84C3-45A8-A015-D58197027D8C}.DebugNT|x64.ActiveCfg = Debug|x64
		{B034E075-84C3-45A8-A015-D58197027D8C}.DebugNT|x64.Build.0 = Debug|x64
		{B034E075-84C3-45A8-A015-D58197027D8C}.DebugNT|x86.ActiveCfg = Debug|Win32
		{B034E075-84C3-45A8-A015-D58197027D8C}.DebugNT|x86.Build.0 = Debug|Win32
		{B034E075-84C3-45A8-A015-D58197027D8C}.Release|x64.ActiveCfg = Release|x64
		{B034E075-84C3-45A8-A015-D58197027D8C}.Release|x64.Build.0 = Release|x64
		{B034E075-84C3-45A8-A015-D58197027D8C}.Release|x86.ActiveCfg = Release|Win32
		{B034E075-84C3-45A8-A015-D58197027D8C}.Release|x86.Build.0 = Release|Win32
		{B034E075-84C3-45A8-A015-D58197027D8C}.Release9x|x64.ActiveCfg = Release|x64
		{B034E075-84C3-45A8-A015-D58197027D8C}.Release9x|x64.Build.0 = Release|x64
		{B034E075-84C3-45A8-A015-D58197027D8C}.Release9x|x86.ActiveCfg = Release|Win32
		{B034E075-84C3-45A8-A015-D58197027D8C}.Release9x|x86.Build.0 = Release|Win32
		{B034E075-84C3-45A8-A015-D58197027D8C}.ReleaseNT|x64.ActiveCfg = Release|x64
		{B034E075-84C3-45A8-A015-D58197027D8C}.ReleaseNT|x64.Build.0 = Release|x64
		{B034E075-84C3-45A8-A015-D58197027D8C}.ReleaseNT|x86.ActiveCfg = Release|Win32
		{B034E075-84C3-45A8-A015-D58197027D8C}.ReleaseNT|x86.Build.0 = Release|Win32
		{B034E075-84C3-45A8-A015-D58197027D8C}.Template|x64.ActiveCfg = Template|x64
		{B034E075-84C3-45A8-A015-D58197027D8C}.Template|x64.Build.0 = Template|x64
		{B034E075-84C3-45A8-A015-D58197027D8C}.Template|x86.ActiveCfg = Template|Win32
		{B034E075-84C3-45A8-A015-D58197027D8C}.Template|x86.Build.0 = Template|Win32
		{E71474FA-E216-43A1-A7F3-CE15519B2C14}.Debug|x64.ActiveCfg = Debug|x64
		{E71474FA-E216-43A1-A7F3-CE15519B2C14}.Debug|x64.Build.0 = Debug|x64
		{E71474FA-E216-43A1-A7F3-CE15519B2C14}.Debug|x86.ActiveCfg = Debug|Win32
		{E71474FA-E216-43A1-A7F3-CE15519B2C14}.Debug|x86.Build.0 = Debug|Win32
		{E71474FA-E216-43A1-A7F3-CE15519B2C14}.Debug9x|x64.ActiveCfg = Debug9x|x64
		{E71474FA-E216-43A1-A7F3-CE15519B2C14}.Debug9x|x64.Build.0 = Debug9x|x64
		{E71474FA-E216-43A1-A7F3-CE15519B2C14}.Debug9x|x86.ActiveCfg = Debug9x|Win32
		{E71474FA-E216-43A1-A7F3-CE15519B2C14}.Debug9x|x86.Build.0 = Debug9x|Win32
		{E71474FA-E216-43A1-A7F3-CE15519B2C14}.DebugNT|x64.ActiveCfg = DebugNT|x64
		{E71474FA-E216-43A1-A7F3-CE15519B2C14}.DebugNT|x64.Build.0 = DebugNT|x64
		{E71474FA-E216-43A1-A7F3-CE15519B2C14}.DebugNT|x86.ActiveCfg = DebugNT|Win32
		{E71474FA-E216-43A1-A7F3-CE15519B2C14}.DebugNT|x86.Build.0 = DebugNT|Win32
		{E71474FA-E216-43A1-A7F3-CE15519B2C14}.Release|x64.ActiveCfg = Release|x64
		{E71474FA-E216-43A1-A7F3-CE15519B2C14}.Release|x64.Build.0 = Release|x64
		{E71474FA-E216-43A1-A7F3-CE15519B2C14}.Release|x86.ActiveCfg = Release|Win32
		{E71474FA-E216-43A1-A7F3-CE15519B2C14}.Release|x86.Build.0 = Release|Win32
		{E71474FA-E216-43A1-A7F3-CE15519B2C14}.Release9x|x64.ActiveCfg = Release9x|x64
		{E71474FA-E216-43A1-A7F3-CE15519B2C14}.Release9x|x64.Build.0 = Release9x|x64
		{E71474FA-E216-43A1-A7F3-CE15519B2C14}.Release9x|x86.ActiveCfg = Release9x|Win32
		{E71474FA-E216-43A1-A7F3-CE15519B2C14}.Release9x|x86.Build.0 = Release9x|Win32
		{E71474FA-E216-43A1-A7F3-CE15519B2C14}.ReleaseNT|x64.ActiveCfg = ReleaseNT|x64
		{E71474FA-E216-43A1-A7F3-CE15519B2C14}.ReleaseNT|x64.Build.0 = ReleaseNT|x64
		{E71474FA-E216-43A1-A7F3-CE15519B2C14}.ReleaseNT|x86.ActiveCfg = ReleaseNT|Win32
		{E71474FA-E216-43A1-A7F3-CE15519B2C14}.ReleaseNT|x86.Build.0 = ReleaseNT|Win32
		{E71474FA-E216-43A1-A7F3-CE15519B2C14}.Template|x64.ActiveCfg = Template|x64
		{E71474FA-E216-43A1-A7F3-CE15519B2C14}.Template|x64.Build.0 = Template|x64
		{E71474FA-E216-43A1-A7F3-CE15519B2C14}.Template|x86.ActiveCfg = Template|Win32
		{E71474FA-E216-43A1-A7F3-CE15519B2C14}.Template|x86.Build.0 = Template|Win32
		{504A868F-C1BE-4158-AE58-906A426FDB0C}.Debug|x64.ActiveCfg = Debug|x64
		{504A868F-C1BE-4158-AE58-906A426FDB0C}.Debug|x64.Build.0 = Debug|x64
		{504A868F-C1BE-4158-AE58-906A426FDB0C}.Debug|x86.ActiveCfg = Debug|Win32
		{504A868F-C1BE-4158-AE58-906A426FDB0C}.Debug|x86.Build.0 = Debug|Win32
		{504A868F-C1BE-4158-AE58-906A426FDB0C}.Debug9x|x64.ActiveCfg = Debug9x|x64
		{504A868F-C1BE-4158-AE58-906A426FDB0C}.Debug9x|x64.Build.0 = Debug9x|x64
		{504A868F-C1BE-4158-AE58-906A426FDB0C}.Debug9x|x86.ActiveCfg = Debug9x|Win32
		{504A868F-C1BE-4158-AE58-906A426FDB0C}.Debug9x|x86.Build.0 = Debug9x|Win32
		{504A868F-C1BE-4158-AE58-906A426FDB0C}.DebugNT|x64.ActiveCfg = DebugNT|x64
		{504A868F-C1BE-4158-AE58-906A426FDB0C}.DebugNT|x64.Build.0 = DebugNT|x64
		{504A868F-C1BE-4158-AE58-906A426FDB0C}.DebugNT|x86.ActiveCfg = DebugNT|Win32
		{504A868F-C1BE-4158-AE58-906A426FDB0C}.DebugNT|x86.Build.0 = DebugNT|Win32
		{504A868F-C1BE-4158-AE58-906A426FDB0C}.Release|x64.ActiveCfg = Release|x64
		{504A868F-C1BE-4158-AE58-906A426FDB0C}.Release|x64.Build.0 = Release|x64
		{504A868F-C1BE-4158-AE58-906A426FDB0C}.Release|x86.ActiveCfg = Release|Win32
		{504A868F-C1BE-4158-AE58-906A426FDB0C}.Release|x86.Build.0 = Release|Win32
		{504A868F-C1BE-4158-AE58-906A426FDB0C}.Release9x|x64.ActiveCfg = Release9x|x64
		{504A868F-C1BE-4158-AE58-906A426FDB0C}.Release9x|x64.Build.0 = Release9x|x64
		{504A868F-C1BE-4158-AE58-906A426FDB0C}.Release9x|x86.ActiveCfg = Release9x|Win32
		{504A868F-C1BE-4158-AE58-906A426FDB0C}.Release9x|x86.Build.0 = Release9x|Win32
		{504A868F-C1BE-4158-AE58-906A426FDB0C}.ReleaseNT|x64.ActiveCfg = ReleaseNT|x64
		{504A868F-C1BE-4158-AE58-906A426FDB0C}.ReleaseNT|x64.Build.0 = ReleaseNT|x64
		{504A868F-C1BE-4158-AE58-906A426FDB0C}.ReleaseNT|x86.ActiveCfg = ReleaseNT|Win32
		{504A868F-C1BE-4158-AE58-906A426FDB0C}.ReleaseNT|x86.Build.0 = ReleaseNT|Win32
		{504A868F-C1BE-4158-AE58-906A426FDB0C}.Template|x64.ActiveCfg = Template|x64
		{504A868F-C1BE-4158-AE58-906A426FDB0C}.Template|x64.Build.0 = Template|x64
		{504A868F-C1BE-4158-AE58-906A426FDB0C}.Template|x86.ActiveCfg = Template|Win32
		{504A868F-C1BE-4158-AE58-906A426FDB0C}.Template|x86.Build.0 = Template|Win32
		{F08E2702-07AD-4B87-BA43-FF5DD3029DD3}.Debug|x64.ActiveCfg = Debug|x64
		{F08E2702-07AD-4B87-BA43-FF5DD3029DD3}.Debug|x64.Build.0 = Debug|x64
		{F08E2702-07AD-4B87-BA43-FF5DD3029DD3}.Debug|x86.ActiveCfg = Debug|Win32
		{F08E2702-07AD-4B87-BA43-FF5DD3029DD3}.Debug|x86.Build.0 = Debug|Win32
		{F08E2702-07AD-4B87-BA43-FF5DD3029DD3}.Debug9x|x64.ActiveCfg = Debug|x64
		{F08E2702-07AD-4B87-BA43-FF5DD3029DD3}.Debug9x|x64.Build.0 = Debug|x64
		{F08E2702-07AD-4B87-BA43-FF5DD3029DD3}.Debug9x|x86.ActiveCfg = Debug|Win32
		{F08E2702-07AD-4B87-BA43-FF5DD3029DD3}.Debug9x|x86.Build.0 = Debug|Win32
		{F08E2702-07AD-4B87-BA43-FF5DD3029DD3}.DebugNT|x64.ActiveCfg = Debug|x64
		{F08E2702-07AD-4B87-BA43-FF5DD3029DD3}.DebugNT|x64.Build.0 = Debug|x64
		{F08E2702-07AD-4B87-BA43-FF5DD3029DD3}.DebugNT|x86.ActiveCfg = Debug|Win32
		{F08E2702-07AD-4B87-BA43-FF5DD3029DD3}.DebugNT|x86.Build.0 = Debug|Win32
		{F08E2702-07AD-4B87-BA43-FF5DD3029DD3}.Release|x64.ActiveCfg = Release|x64
		{F08E2702-07AD-4B87-BA43-FF5DD3029DD3}.Release|x64.Build.0 = Release|x64
		{F08E2702-07AD-4B87-BA43-FF5DD3029DD3}.Release|x86.ActiveCfg = Release|Win32
		{F08E2702-07AD-4B87-BA43-FF5DD3029DD3}.Release|x86.Build.0 = Release|Win32
		{F08E2702-07AD-4B87-BA43-FF5DD3029DD3}.Release9x|x64.ActiveCfg = Release|x64
		{F08E2702-07AD-4B87-BA43-FF5DD3029DD3}.Release9x|x64.Build.0 = Release|x64
		{F08E2702-07AD-4B87-BA43-FF5DD3029DD3}.Release9x|x86.ActiveCfg = Release|Win32
		{F08E2702-07AD-4B87-BA43-FF5DD3029DD3}.Release9x|x86.Build.0 = Release|Win32
		{F08E2702-07AD-4B87-BA43-FF5DD3029DD3}.ReleaseNT|x64.ActiveCfg = Release|x64
		{F08E2702-07AD-4B87-BA43-FF5DD3029DD3}.ReleaseNT|x64.Build.0 = Release|x64
		{F08E2702-07AD-4B87-BA43-FF5DD3029DD3}.ReleaseNT|x86.ActiveCfg = Release|Win32
		{F08E2702-07AD-4B87-BA43-FF5DD3029DD3}.ReleaseNT|x86.Build.0 = Release|Win32
		{F08E2702-07AD-4B87-BA43-FF5DD3029DD3}.Template|x64.ActiveCfg = Template|x64
		{F08E2702-07AD-4B87-BA43-FF5DD3029DD3}.Template|x64.Build.0 = Template|x64
		{F08E2702-07AD-4B87-BA43-FF5DD3029DD3}.Template|x86.ActiveCfg = Template|Win32
		{F08E2702-07AD-4B87-BA43-FF5DD3029DD3}.Template|x86.Build.0 = Template|Win32
		{0F35B0F8-110B-4EBC-B68B-7320D685A86A}.Debug|x64.ActiveCfg = Debug|x64
		{0F35B0F8-110B-4EBC-B68B-7320D685A86A}.Debug|x64.Build.0 = Debug|x64
		{0F35B0F8-110B-4EBC-B68B-7320D685A86A}.Debug|x86.ActiveCfg = Debug|Win32
		{0F35B0F8-110B-4EBC-B68B-7320D685A86A}.Debug|x86.Build.0 = Debug|Win32
		{0F35B0F8-110B-4EBC-B68B-7320D685A86A}.Debug9x|x64.ActiveCfg = Debug9x|x64
		{0F35B0F8-110B-4EBC-B68B-7320D685A86A}.Debug9x|x64.Build.0 = Debug9x|x64
		{0F35B0F8-110B-4EBC-B68B-7320D685A86A}.Debug9x|x86.ActiveCfg = Debug9x|Win32
		{0F35B0F8-110B-4EBC-B68B-7320D685A86A}.Debug9x|x86.Build.0 = Debug9x|Win32
		{0F35B0F8-110B-4EBC-B68B-7320D685A86A}.DebugNT|x64.ActiveCfg = Debug|x64
		{0F35B0F8-110B-4EBC-B68B-7320D685A86A}.DebugNT|x64.Build.0 = Debug|x64
		{0F35B0F8-110B-4EBC-B68B-7320D685A86A}.DebugNT|x86.ActiveCfg = Debug|Win32
		{0F35B0F8-110B-4EBC-B68B-7320D685A86A}.DebugNT|x86.Build.0 = Debug|Win32
		{0F35B0F8-110B-4EBC-B68B-7320D685A86A}.Release|x64.ActiveCfg = Release|x64
		{0F35B0F8-110B-4EBC-B68B-7320D685A86A}.Release|x64.Build.0 = Release|x64
		{0F35B0F8-110B-4EBC-B68B-7320D685A86A}.Release|x86.ActiveCfg = Release|Win32
		{0F35B0F8-110B-4EBC-B68B-7320D685A86A}.Release|x86.Build.0 = Release|Win32
		{0F35B0F8-110B-4EBC-B68B-7320D685A86A}.Release9x|x64.ActiveCfg = Release9x|x64
		{0F35B0F8-110B-4EBC-B68B-7320D685A86A}.Release9x|x64.Build.0 = Release9x|x64
		{0F35B0F8-110B-4EBC-B68B-7320D685A86A}.Release9x|x86.ActiveCfg = Release9x|Win32
		{0F35B0F8-110B-4EBC-B68B-7320D685A86A}.Release9x|x86.Build.0 = Release9x|Win32
		{0F35B0F8-110B-4EBC-B68B-7320D685A86A}.ReleaseNT|x64.ActiveCfg = Release9x|x64
		{0F35B0F8-110B-4EBC-B68B-7320D685A86A}.ReleaseNT|x64.Build.0 = Release9x|x64
		{0F35B0F8-110B-4EBC-B68B-7320D685A86A}.ReleaseNT|x86.ActiveCfg = Release9x|Win32
		{0F35B0F8-110B-4EBC-B68B-7320D685A86A}.ReleaseNT|x86.Build.0 = Release9x|Win32
		{0F35B0F8-110B-4EBC-B68B-7320D685A86A}.Template|x64.ActiveCfg = Template|x64
		{0F35B0F8-110B-4EBC-B68B-7320D685A86A}.Template|x64.Build.0 = Template|x64
		{0F35B0F8-110B-4EBC-B68B-7320D685A86A}.Template|x86.ActiveCfg = Template|Win32
		{0F35B0F8-110B-4EBC-B68B-7320D685A86A}.Template|x86.Build.0 = Template|Win32
		{6DB7916E-8E0B-44C9-949D-C2BB3D17E399}.Debug|x64.ActiveCfg = Debug|x64
		{6DB7916E-8E0B-44C9-949D-C2BB3D17E399}.Debug|x64.Build.0 = Debug|x64
		{6DB7916E-8E0B-44C9-949D-C2BB3D17E399}.Debug|x86.ActiveCfg = Debug|Win32
		{6DB7916E-8E0B-44C9-949D-C2BB3D17E399}.Debug|x86.Build.0 = Debug|Win32
		{6DB7916E-8E0B-44C9-949D-C2BB3D17E399}.Debug9x|x64.ActiveCfg = Debug|x64
		{6DB7916E-8E0B-44C9-949D-C2BB3D17E399}.Debug9x|x64.Build.0 = Debug|x64
		{6DB7916E-8E0B-44C9-949D-C2BB3D17E399}.Debug9x|x86.ActiveCfg = Debug|Win32
		{6DB7916E-8E0B-44C9-949D-C2BB3D17E399}.Debug9x|x86.Build.0 = Debug|Win32
		{6DB7916E-8E0B-44C9-949D-C2BB3D17E399}.DebugNT|x64.ActiveCfg = Debug|x64
		{6DB7916E-8E0B-44C9-949D-C2BB3D17E399}.DebugNT|x64.Build.0 = Debug|x64
		{6DB7916E-8E0B-44C9-949D-C2BB3D17E399}.DebugNT|x86.ActiveCfg = Debug|Win32
		{6DB7916E-8E0B-44C9-949D-C2BB3D17E399}.DebugNT|x86.Build.0 = Debug|Win32
		{6DB7916E-8E0B-44C9-949D-C2BB3D17E399}.Release|x64.ActiveCfg = Release|x64
		{6DB7916E-8E0B-44C9-949D-C2BB3D17E399}.Release|x64.Build.0 = Release|x64
		{6DB7916E-8E0B-44C9-949D-C2BB3D17E399}.Release|x86.ActiveCfg = Release|Win32
		{6DB7916E-8E0B-44C9-949D-C2BB3D17E399}.Release|x86.Build.0 = Release|Win32
		{6DB7916E-8E0B-44C9-949D-C2BB3D17E399}.Release9x|x64.ActiveCfg = Release|x64
		{6DB7916E-8E0B-44C9-949D-C2BB3D17E399}.Release9x|x64.Build.0 = Release|x64
		{6DB7916E-8E0B-44C9-949D-C2BB3D17E399}.Release9x|x86.ActiveCfg = Release|Win32
		{6DB7916E-8E0B-44C9-949D-C2BB3D17E399}.Release9x|x86.Build.0 = Release|Win32
		{6DB7916E-8E0B-44C9-949D-C2BB3D17E399}.ReleaseNT|x64.ActiveCfg = Release|x64
		{6DB7916E-8E0B-44C9-949D-C2BB3D17E399}.ReleaseNT|x64.Build.0 = Release|x64
		{6DB7916E-8E0B-44C9-949D-C2BB3D17E399}.ReleaseNT|x86.ActiveCfg = Release|Win32
		{6DB7916E-8E0B-44C9-949D-C2BB3D17E399}.ReleaseNT|x86.Build.0 = Release|Win32
		{6DB7916E-8E0B-44C9-949D-C2BB3D17E399}.Template|x64.ActiveCfg = Template|x64
		{6DB7916E-8E0B-44C9-949D-C2BB3D17E399}.Template|x64.Build.0 = Template|x64
		{6DB7916E-8E0B-44C9-949D-C2BB3D17E399}.Template|x86.ActiveCfg = Template|Win32
		{6DB7916E-8E0B-44C9-949D-C2BB3D17E399}.Template|x86.Build.0 = Template|Win32
		{E32CBA00-8D4F-497A-9D62-DF7B2E9CC339}.Debug|x64.ActiveCfg = Debug|x64
		{E32CBA00-8D4F-497A-9D62-DF7B2E9CC339}.Debug|x64.Build.0 = Debug|x64
		{E32CBA00-8D4F-497A-9D62-DF7B2E9CC339}.Debug|x86.ActiveCfg = Debug|Win32
		{E32CBA00-8D4F-497A-9D62-DF7B2E9CC339}.Debug|x86.Build.0 = Debug|Win32
		{E32CBA00-8D4F-497A-9D62-DF7B2E9CC339}.Debug9x|x64.ActiveCfg = Debug|x64
		{E32CBA00-8D4F-497A-9D62-DF7B2E9CC339}.Debug9x|x64.Build.0 = Debug|x64
		{E32CBA00-8D4F-497A-9D62-DF7B2E9CC339}.Debug9x|x86.ActiveCfg = Debug|Win32
		{E32CBA00-8D4F-497A-9D62-DF7B2E9CC339}.Debug9x|x86.Build.0 = Debug|Win32
		{E32CBA00-8D4F-497A-9D62-DF7B2E9CC339}.DebugNT|x64.ActiveCfg = Debug|x64
		{E32CBA00-8D4F-497A-9D62-DF7B2E9CC339}.DebugNT|x64.Build.0 = Debug|x64
		{E32CBA00-8D4F-497A-9D62-DF7B2E9CC339}.DebugNT|x86.ActiveCfg = Debug|Win32
		{E32CBA00-8D4F-497A-9D62-DF7B2E9CC339}.DebugNT|x86.Build.0 = Debug|Win32
		{E32CBA00-8D4F-497A-9D62-DF7B2E9CC339}.Release|x64.ActiveCfg = Release|x64
		{E32CBA00-8D4F-497A-9D62-DF7B2E9CC339}.Release|x64.Build.0 = Release|x64
		{E32CBA00-8D4F-497A-9D62-DF7B2E9CC339}.Release|x86.ActiveCfg = Release|Win32
		{E32CBA00-8D4F-497A-9D62-DF7B2E9CC339}.Release|x86.Build.0 = Release|Win32
		{E32CBA00-8D4F-497A-9D62-DF7B2E9CC339}.Release9x|x64.ActiveCfg = Release|x64
		{E32CBA00-8D4F-497A-9D62-DF7B2E9CC339}.Release9x|x64.Build.0 = Release|x64
		{E32CBA00-8D4F-497A-9D62-DF7B2E9CC339}.Release9x|x86.ActiveCfg = Release|Win32
		{E32CBA00-8D4F-497A-9D62-DF7B2E9CC339}.Release9x|x86.Build.0 = Release|Win32
		{E32CBA00-8D4F-497A-9D62-DF7B2E9CC339}.ReleaseNT|x64.ActiveCfg = Release|x64
		{E32CBA00-8D4F-497A-9D62-DF7B2E9CC339}.ReleaseNT|x64.Build.0 = Release|x64
		{E32CBA00-8D4F-497A-9D62-DF7B2E9CC339}.ReleaseNT|x86.ActiveCfg = Release|Win32
		{E32CBA00-8D4F-497A-9D62-DF7B2E9CC339}.ReleaseNT|x86.Build.0 = Release|Win32
		{E32CBA00-8D4F-497A-9D62-DF7B2E9CC339}.Template|x64.ActiveCfg = Template|x64
		{E32CBA00-8D4F-497A-9D62-DF7B2E9CC339}.Template|x64.Build.0 = Template|x64
		{E32CBA00-8D4F-497A-9D62-DF7B2E9CC339}.Template|x86.ActiveCfg = Template|Win32
		{E32CBA00-8D4F-497A-9D62-DF7B2E9CC339}.Template|x86.Build.0 = Template|Win32
		{B7F67EFC-4C87-446F-9700-D06BC0232831}.Debug|x64.ActiveCfg = Debug|x64
		{B7F67EFC-4C87-446F-9700-D06BC0232831}.Debug|x64.Build.0 = Debug|x64
		{B7F67EFC-4C87-446F-9700-D06BC0232831}.Debug|x86.ActiveCfg = Debug|Win32
		{B7F67EFC-4C87-446F-9700-D06BC0232831}.Debug|x86.Build.0 = Debug|Win32
		{B7F67EFC-4C87-446F-9700-D06BC0232831}.Debug9x|x64.ActiveCfg = Debug9x|x64
		{B7F67EFC-4C87-446F-9700-D06BC0232831}.Debug9x|x64.Build.0 = Debug9x|x64
		{B7F67EFC-4C87-446F-9700-D06BC0232831}.Debug9x|x86.ActiveCfg = Debug9x|Win32
		{B7F67EFC-4C87-446F-9700-D06BC0232831}.Debug9x|x86.Build.0 = Debug9x|Win32
		{B7F67EFC-4C87-446F-9700-D06BC0232831}.DebugNT|x64.ActiveCfg = Debug|x64
		{B7F67EFC-4C87-446F-9700-D06BC0232831}.DebugNT|x64.Build.0 = Debug|x64
		{B7F67EFC-4C87-446F-9700-D06BC0232831}.DebugNT|x86.ActiveCfg = Debug|Win32
		{B7F67EFC-4C87-446F-9700-D06BC0232831}.DebugNT|x86.Build.0 = Debug|Win32
		{B7F67EFC-4C87-446F-9700-D06BC0232831}.Release|x64.ActiveCfg = Release|x64
		{B7F67EFC-4C87-446F-9700-D06BC0232831}.Release|x64.Build.0 = Release|x64
		{B7F67EFC-4C87-446F-9700-D06BC0232831}.Release|x86.ActiveCfg = Release|Win32
		{B7F67EFC-4C87-446F-9700-D06BC0232831}.Release|x86.Build.0 = Release|Win32
		{B7F67EFC-4C87-446F-9700-D06BC0232831}.Release9x|x64.ActiveCfg = Release9x|x64
		{B7F67EFC-4C87-446F-9700-D06BC0232831}.Release9x|x64.Build.0 = Release9x|x64
		{B7F67EFC-4C87-446F-9700-D06BC0232831}.Release9x|x86.ActiveCfg = Release9x|Win32
		{B7F67EFC-4C87-446F-9700-D06BC0232831}.Release9x|x86.Build.0 = Release9x|Win32
		{B7F67EFC-4C87-446F-9700-D06BC0232831}.ReleaseNT|x64.ActiveCfg = Release9x|x64
		{B7F67EFC-4C87-446F-9700-D06BC0232831}.ReleaseNT|x64.Build.0 = Release9x|x64
		{B7F67EFC-4C87-446F-9700-D06BC0232831}.ReleaseNT|x86.ActiveCfg = Release9x|Win32
		{B7F67EFC-4C87-446F-9700-D06BC0232831}.ReleaseNT|x86.Build.0 = Release9x|Win32
		{B7F67EFC-4C87-446F-9700-D06BC0232831}.Template|x64.ActiveCfg = Template|x64
		{B7F67EFC-4C87-446F-9700-D06BC0232831}.Template|x64.Build.0 = Template|x64
		{B7F67EFC-4C87-446F-9700-D06BC0232831}.Template|x86.ActiveCfg = Template|Win32
		{B7F67EFC-4C87-446F-9700-D06BC0232831}.Template|x86.Build.0 = Template|Win32
		{F92C424B-1B87-49E2-8261-981C80F0DC0A}.Debug|x64.ActiveCfg = Debug|x64
		{F92C424B-1B87-49E2-8261-981C80F0DC0A}.Debug|x64.Build.0 = Debug|x64
		{F92C424B-1B87-49E2-8261-981C80F0DC0A}.Debug|x86.ActiveCfg = Debug|Win32
		{F92C424B-1B87-49E2-8261-981C80F0DC0A}.Debug|x86.Build.0 = Debug|Win32
		{F92C424B-1B87-49E2-8261-981C80F0DC0A}.Debug9x|x64.ActiveCfg = Debug|x64
		{F92C424B-1B87-49E2-8261-981C80F0DC0A}.Debug9x|x64.Build.0 = Debug|x64
		{F92C424B-1B87-49E2-8261-981C80F0DC0A}.Debug9x|x86.ActiveCfg = Debug|Win32
		{F92C424B-1B87-49E2-8261-981C80F0DC0A}.Debug9x|x86.Build.0 = Debug|Win32
		{F92C424B-1B87-49E2-8261-981C80F0DC0A}.DebugNT|x64.ActiveCfg = Debug|x64
		{F92C424B-1B87-49E2-8261-981C80F0DC0A}.DebugNT|x64.Build.0 = Debug|x64
		{F92C424B-1B87-49E2-8261-981C80F0DC0A}.DebugNT|x86.ActiveCfg = Debug|Win32
		{F92C424B-1B87-49E2-8261-981C80F0DC0A}.DebugNT|x86.Build.0 = Debug|Win32
		{F92C424B-1B87-49E2-8261-981C80F0DC0A}.Release|x64.ActiveCfg = Release|x64
		{F92C424B-1B87-49E2-8261-981C80F0DC0A}.Release|x64.Build.0 = Release|x64
		{F92C424B-1B87-49E2-8261-981C80F0DC0A}.Release|x86.ActiveCfg = Release|Win32
		{F92C424B-1B87-49E2-8261-981C80F0DC0A}.Release|x86.Build.0 = Release|Win32
		{F92C424B-1B87-49E2-8261-981C80F0DC0A}.Release9x|x64.ActiveCfg = Release|x64
		{F92C424B-1B87-49E2-8261-981C80F0DC0A}.Release9x|x64.Build.0 = Release|x64
		{F92C424B-1B87-49E2-8261-981C80F0DC0A}.Release9x|x86.ActiveCfg = Release|Win32
		{F92C424B-1B87-49E2-8261-981C80F0DC0A}.Release9x|x86.Build.0 = Release|Win32
		{F92C424B-1B87-49E2-8261-981C80F0DC0A}.ReleaseNT|x64.ActiveCfg = Release|x64
		{F92C424B-1B87-49E2-8261-981C80F0DC0A}.ReleaseNT|x64.Build.0 = Release|x64
		{F92C424B-1B87-49E2-8261-981C80F0DC0A}.ReleaseNT|x86.ActiveCfg = Release|Win32
		{F92C424B-1B87-49E2-8261-981C80F0DC0A}.ReleaseNT|x86.Build.0 = Release|Win32
		{F92C424B-1B87-49E2-8261-981C80F0DC0A}.Template|x64.ActiveCfg = Template|x64
		{F92C424B-1B87-49E2-8261-981C80F0DC0A}.Template|x64.Build.0 = Template|x64
		{F92C424B-1B87-49E2-8261-981C80F0DC0A}.Template|x86.ActiveCfg = Template|Win32
		{F92C424B-1B87-49E2-8261-981C80F0DC0A}.Template|x86.Build.0 = Template|Win32
	EndGlobalSection
	GlobalSection(SolutionProperties) = preSolution
		HideSolutionNode = FALSE
	EndGlobalSection
EndGlobal
